// !$*UTF8*$!
{
	archiveVersion = 1;
	classes = {
	};
	objectVersion = 77;
	objects = {

/* Begin PBXBuildFile section */
		F3095A602DB3C1E000481E4F /* Dr_M.swift in Sources */ = {isa = PBXBuildFile; fileRef = F3095A412DB3C1E000481E4F /* Dr_M.swift */; };
		F3095A612DB3C1E000481E4F /* DrPrzepis_M.swift in Sources */ = {isa = PBXBuildFile; fileRef = F3095A422DB3C1E000481E4F /* DrPrzepis_M.swift */; };
		F3095A622DB3C1E000481E4F /* DrSkladnik_M.swift in Sources */ = {isa = PBXBuildFile; fileRef = F3095A432DB3C1E000481E4F /* DrSkladnik_M.swift */; };
		F3095A632DB3C1E000481E4F /* EnumModel.swift in Sources */ = {isa = PBXBuildFile; fileRef = F3095A452DB3C1E000481E4F /* EnumModel.swift */; };
		F3095A642DB3C1E000481E4F /* SklZamiennik_M.swift in Sources */ = {isa = PBXBuildFile; fileRef = F3095A462DB3C1E000481E4F /* SklZamiennik_M.swift */; };
		F3095A652DB3C1E000481E4F /* drinki.swift in Sources */ = {isa = PBXBuildFile; fileRef = F3095A522DB3C1E000481E4F /* drinki.swift */; };
		F3095A662DB3C1E000481E4F /* LoadDrAlkGlownyCSV_V.swift in Sources */ = {isa = PBXBuildFile; fileRef = F3095A542DB3C1E000481E4F /* LoadDrAlkGlownyCSV_V.swift */; };
		F3095A672DB3C1E000481E4F /* LoadDrCSV_V.swift in Sources */ = {isa = PBXBuildFile; fileRef = F3095A552DB3C1E000481E4F /* LoadDrCSV_V.swift */; };
		F3095A682DB3C1E000481E4F /* LoadDrPrzepisyCSV_V.swift in Sources */ = {isa = PBXBuildFile; fileRef = F3095A562DB3C1E000481E4F /* LoadDrPrzepisyCSV_V.swift */; };
		F3095A6A2DB3C1E000481E4F /* LodaDrSkladnikiCSV_V.swift in Sources */ = {isa = PBXBuildFile; fileRef = F3095A582DB3C1E000481E4F /* LodaDrSkladnikiCSV_V.swift */; };
		F3095A6B2DB3C1E000481E4F /* FunkcjePomocnicze.swift in Sources */ = {isa = PBXBuildFile; fileRef = F3095A5A2DB3C1E000481E4F /* FunkcjePomocnicze.swift */; };
		F3095A6C2DB3C1E000481E4F /* DrinkotekaApp.swift in Sources */ = {isa = PBXBuildFile; fileRef = F3095A5E2DB3C1E000481E4F /* DrinkotekaApp.swift */; };
		F3095A762DB3C1E000481E4F /* Assets.xcassets in Resources */ = {isa = PBXBuildFile; fileRef = F3095A5C2DB3C1E000481E4F /* Assets.xcassets */; };
		F3095A7F2DB3EBEF00481E4F /* DTeka - SkladnikiZamienniki.tsv in Resources */ = {isa = PBXBuildFile; fileRef = F3095A7E2DB3EBEF00481E4F /* DTeka - SkladnikiZamienniki.tsv */; };
		F3095A802DB3EBEF00481E4F /* DTeka - Drinki.tsv in Resources */ = {isa = PBXBuildFile; fileRef = F3095A792DB3EBEF00481E4F /* DTeka - Drinki.tsv */; };
		F3095A812DB3EBEF00481E4F /* DTeka - Skladniki.tsv in Resources */ = {isa = PBXBuildFile; fileRef = F3095A7D2DB3EBEF00481E4F /* DTeka - Skladniki.tsv */; };
		F3095A822DB3EBEF00481E4F /* DTeka - DrinkiAlkGlowny.tsv in Resources */ = {isa = PBXBuildFile; fileRef = F3095A7A2DB3EBEF00481E4F /* DTeka - DrinkiAlkGlowny.tsv */; };
		F3095A832DB3EBEF00481E4F /* DTeka - DrinkiSkladniki.tsv in Resources */ = {isa = PBXBuildFile; fileRef = F3095A7C2DB3EBEF00481E4F /* DTeka - DrinkiSkladniki.tsv */; };
		F3095A842DB3EBEF00481E4F /* DTeka - DrinkiPrzepisy.tsv in Resources */ = {isa = PBXBuildFile; fileRef = F3095A7B2DB3EBEF00481E4F /* DTeka - DrinkiPrzepisy.tsv */; };
		F3095A872DB3EC5900481E4F /* Skl_M.swift in Sources */ = {isa = PBXBuildFile; fileRef = F3095A862DB3EC5900481E4F /* Skl_M.swift */; };
		F3095A8B2DB3ECB500481E4F /* SklStanModel.swift in Sources */ = {isa = PBXBuildFile; fileRef = F3095A8A2DB3ECB500481E4F /* SklStanModel.swift */; };
		F3095A8D2DB3F8E900481E4F /* LoadSklCSV_V.swift in Sources */ = {isa = PBXBuildFile; fileRef = F3095A8C2DB3F8E900481E4F /* LoadSklCSV_V.swift */; };
		F3095A912DB52EE100481E4F /* skladniki.swift in Sources */ = {isa = PBXBuildFile; fileRef = F3095A902DB52EE100481E4F /* skladniki.swift */; };
		F3095A942DB543F300481E4F /* LoadSklZamiennikiCSV_V.swift in Sources */ = {isa = PBXBuildFile; fileRef = F3095A922DB53DE900481E4F /* LoadSklZamiennikiCSV_V.swift */; };
		F3095A972DB66DC500481E4F /* JSON_VM.swift in Sources */ = {isa = PBXBuildFile; fileRef = F3095A962DB66DC500481E4F /* JSON_VM.swift */; };
		F3095A982DB66DC500481E4F /* AES_VM.swift in Sources */ = {isa = PBXBuildFile; fileRef = F3095A952DB66DC500481E4F /* AES_VM.swift */; };
		F3095A9B2DB66E2300481E4F /* Back.swift in Sources */ = {isa = PBXBuildFile; fileRef = F3095A9A2DB66E2300481E4F /* Back.swift */; };
		F3095A9D2DB66F5A00481E4F /* BackgroundView.swift in Sources */ = {isa = PBXBuildFile; fileRef = F3095A9C2DB66F5A00481E4F /* BackgroundView.swift */; };
		F3095A9F2DB66FF000481E4F /* ViewModifiers.swift in Sources */ = {isa = PBXBuildFile; fileRef = F3095A9E2DB66FF000481E4F /* ViewModifiers.swift */; };
		F3095AA22DB670B700481E4F /* DrinkPrzepisView.swift in Sources */ = {isa = PBXBuildFile; fileRef = F3095AA12DB670B700481E4F /* DrinkPrzepisView.swift */; };
		F3095AA82DB693AA00481E4F /* IkonaJestBrak.swift in Sources */ = {isa = PBXBuildFile; fileRef = F3095AA72DB693AA00481E4F /* IkonaJestBrak.swift */; };
/* End PBXBuildFile section */

/* Begin PBXFileReference section */
		F3095A412DB3C1E000481E4F /* Dr_M.swift */ = {isa = PBXFileReference; lastKnownFileType = sourcecode.swift; path = Dr_M.swift; sourceTree = "<group>"; };
		F3095A422DB3C1E000481E4F /* DrPrzepis_M.swift */ = {isa = PBXFileReference; lastKnownFileType = sourcecode.swift; path = DrPrzepis_M.swift; sourceTree = "<group>"; };
		F3095A432DB3C1E000481E4F /* DrSkladnik_M.swift */ = {isa = PBXFileReference; lastKnownFileType = sourcecode.swift; path = DrSkladnik_M.swift; sourceTree = "<group>"; };
		F3095A452DB3C1E000481E4F /* EnumModel.swift */ = {isa = PBXFileReference; lastKnownFileType = sourcecode.swift; path = EnumModel.swift; sourceTree = "<group>"; };
		F3095A462DB3C1E000481E4F /* SklZamiennik_M.swift */ = {isa = PBXFileReference; lastKnownFileType = sourcecode.swift; path = SklZamiennik_M.swift; sourceTree = "<group>"; };
		F3095A522DB3C1E000481E4F /* drinki.swift */ = {isa = PBXFileReference; lastKnownFileType = sourcecode.swift; path = drinki.swift; sourceTree = "<group>"; };
		F3095A542DB3C1E000481E4F /* LoadDrAlkGlownyCSV_V.swift */ = {isa = PBXFileReference; lastKnownFileType = sourcecode.swift; path = LoadDrAlkGlownyCSV_V.swift; sourceTree = "<group>"; };
		F3095A552DB3C1E000481E4F /* LoadDrCSV_V.swift */ = {isa = PBXFileReference; lastKnownFileType = sourcecode.swift; path = LoadDrCSV_V.swift; sourceTree = "<group>"; };
		F3095A562DB3C1E000481E4F /* LoadDrPrzepisyCSV_V.swift */ = {isa = PBXFileReference; lastKnownFileType = sourcecode.swift; path = LoadDrPrzepisyCSV_V.swift; sourceTree = "<group>"; };
		F3095A582DB3C1E000481E4F /* LodaDrSkladnikiCSV_V.swift */ = {isa = PBXFileReference; lastKnownFileType = sourcecode.swift; path = LodaDrSkladnikiCSV_V.swift; sourceTree = "<group>"; };
		F3095A5A2DB3C1E000481E4F /* FunkcjePomocnicze.swift */ = {isa = PBXFileReference; lastKnownFileType = sourcecode.swift; path = FunkcjePomocnicze.swift; sourceTree = "<group>"; };
		F3095A5C2DB3C1E000481E4F /* Assets.xcassets */ = {isa = PBXFileReference; lastKnownFileType = folder.assetcatalog; path = Assets.xcassets; sourceTree = "<group>"; };
		F3095A5D2DB3C1E000481E4F /* Drinkoteka.entitlements */ = {isa = PBXFileReference; lastKnownFileType = text.plist.entitlements; path = Drinkoteka.entitlements; sourceTree = "<group>"; };
		F3095A5E2DB3C1E000481E4F /* DrinkotekaApp.swift */ = {isa = PBXFileReference; lastKnownFileType = sourcecode.swift; path = DrinkotekaApp.swift; sourceTree = "<group>"; };
		F3095A792DB3EBEF00481E4F /* DTeka - Drinki.tsv */ = {isa = PBXFileReference; lastKnownFileType = text; path = "DTeka - Drinki.tsv"; sourceTree = "<group>"; };
		F3095A7A2DB3EBEF00481E4F /* DTeka - DrinkiAlkGlowny.tsv */ = {isa = PBXFileReference; lastKnownFileType = text; path = "DTeka - DrinkiAlkGlowny.tsv"; sourceTree = "<group>"; };
		F3095A7B2DB3EBEF00481E4F /* DTeka - DrinkiPrzepisy.tsv */ = {isa = PBXFileReference; lastKnownFileType = text; path = "DTeka - DrinkiPrzepisy.tsv"; sourceTree = "<group>"; };
		F3095A7C2DB3EBEF00481E4F /* DTeka - DrinkiSkladniki.tsv */ = {isa = PBXFileReference; lastKnownFileType = text; path = "DTeka - DrinkiSkladniki.tsv"; sourceTree = "<group>"; };
		F3095A7D2DB3EBEF00481E4F /* DTeka - Skladniki.tsv */ = {isa = PBXFileReference; lastKnownFileType = text; path = "DTeka - Skladniki.tsv"; sourceTree = "<group>"; };
		F3095A7E2DB3EBEF00481E4F /* DTeka - SkladnikiZamienniki.tsv */ = {isa = PBXFileReference; lastKnownFileType = text; path = "DTeka - SkladnikiZamienniki.tsv"; sourceTree = "<group>"; };
		F3095A862DB3EC5900481E4F /* Skl_M.swift */ = {isa = PBXFileReference; lastKnownFileType = sourcecode.swift; path = Skl_M.swift; sourceTree = "<group>"; };
		F3095A8A2DB3ECB500481E4F /* SklStanModel.swift */ = {isa = PBXFileReference; lastKnownFileType = sourcecode.swift; path = SklStanModel.swift; sourceTree = "<group>"; };
		F3095A8C2DB3F8E900481E4F /* LoadSklCSV_V.swift */ = {isa = PBXFileReference; lastKnownFileType = sourcecode.swift; path = LoadSklCSV_V.swift; sourceTree = "<group>"; };
		F3095A902DB52EE100481E4F /* skladniki.swift */ = {isa = PBXFileReference; lastKnownFileType = sourcecode.swift; path = skladniki.swift; sourceTree = "<group>"; };
		F3095A922DB53DE900481E4F /* LoadSklZamiennikiCSV_V.swift */ = {isa = PBXFileReference; lastKnownFileType = sourcecode.swift; path = LoadSklZamiennikiCSV_V.swift; sourceTree = "<group>"; };
		F3095A952DB66DC500481E4F /* AES_VM.swift */ = {isa = PBXFileReference; lastKnownFileType = sourcecode.swift; path = AES_VM.swift; sourceTree = "<group>"; };
		F3095A962DB66DC500481E4F /* JSON_VM.swift */ = {isa = PBXFileReference; lastKnownFileType = sourcecode.swift; path = JSON_VM.swift; sourceTree = "<group>"; };
		F3095A9A2DB66E2300481E4F /* Back.swift */ = {isa = PBXFileReference; lastKnownFileType = sourcecode.swift; path = Back.swift; sourceTree = "<group>"; };
		F3095A9C2DB66F5A00481E4F /* BackgroundView.swift */ = {isa = PBXFileReference; lastKnownFileType = sourcecode.swift; name = BackgroundView.swift; path = Drinkoteka/View/Wspolne/BackgroundView.swift; sourceTree = SOURCE_ROOT; };
		F3095A9E2DB66FF000481E4F /* ViewModifiers.swift */ = {isa = PBXFileReference; lastKnownFileType = sourcecode.swift; path = ViewModifiers.swift; sourceTree = "<group>"; };
		F3095AA12DB670B700481E4F /* DrinkPrzepisView.swift */ = {isa = PBXFileReference; lastKnownFileType = sourcecode.swift; path = DrinkPrzepisView.swift; sourceTree = "<group>"; };
		F3095AA32DB68EA900481E4F /* DrinkSkladnikiView.swift */ = {isa = PBXFileReference; lastKnownFileType = sourcecode.swift; path = DrinkSkladnikiView.swift; sourceTree = "<group>"; };
		F3095AA42DB68EA900481E4F /* DrinkSkladnikiLinijkaV.swift */ = {isa = PBXFileReference; lastKnownFileType = sourcecode.swift; path = DrinkSkladnikiLinijkaV.swift; sourceTree = "<group>"; };
		F3095AA72DB693AA00481E4F /* IkonaJestBrak.swift */ = {isa = PBXFileReference; lastKnownFileType = sourcecode.swift; path = IkonaJestBrak.swift; sourceTree = "<group>"; };
		F3095AA92DB6945200481E4F /* PrefClass.swift */ = {isa = PBXFileReference; lastKnownFileType = sourcecode.swift; path = PrefClass.swift; sourceTree = "<group>"; };
		F3095AAA2DB6945200481E4F /* Preferencje.swift */ = {isa = PBXFileReference; lastKnownFileType = sourcecode.swift; path = Preferencje.swift; sourceTree = "<group>"; };
		F324A3092DB19E0C00B21F83 /* Drinkoteka.app */ = {isa = PBXFileReference; explicitFileType = wrapper.application; includeInIndex = 0; path = Drinkoteka.app; sourceTree = BUILT_PRODUCTS_DIR; };
		F3A98E9E2DB55F3700C70D01 /* DeleteSkl_V 2.swift */ = {isa = PBXFileReference; lastKnownFileType = sourcecode.swift; path = "DeleteSkl_V 2.swift"; sourceTree = "<group>"; };
/* End PBXFileReference section */

/* Begin PBXFrameworksBuildPhase section */
		F324A3062DB19E0C00B21F83 /* Frameworks */ = {
			isa = PBXFrameworksBuildPhase;
			buildActionMask = 2147483647;
			files = (
			);
			runOnlyForDeploymentPostprocessing = 0;
		};
/* End PBXFrameworksBuildPhase section */

/* Begin PBXGroup section */
		F3095A442DB3C1E000481E4F /* Drink */ = {
			isa = PBXGroup;
			children = (
				F3095A412DB3C1E000481E4F /* Dr_M.swift */,
				F3095A422DB3C1E000481E4F /* DrPrzepis_M.swift */,
				F3095A432DB3C1E000481E4F /* DrSkladnik_M.swift */,
			);
			path = Drink;
			sourceTree = "<group>";
		};
		F3095A472DB3C1E000481E4F /* Model */ = {
			isa = PBXGroup;
			children = (
				F3095A852DB3EC5200481E4F /* Skladnik */,
				F3095A442DB3C1E000481E4F /* Drink */,
				F3095A8A2DB3ECB500481E4F /* SklStanModel.swift */,
				F3095A452DB3C1E000481E4F /* EnumModel.swift */,
			);
			path = Model;
			sourceTree = "<group>";
		};
		F3095A512DB3C1E000481E4F /* TSV */ = {
			isa = PBXGroup;
			children = (
				F3095A792DB3EBEF00481E4F /* DTeka - Drinki.tsv */,
				F3095A7A2DB3EBEF00481E4F /* DTeka - DrinkiAlkGlowny.tsv */,
				F3095A7B2DB3EBEF00481E4F /* DTeka - DrinkiPrzepisy.tsv */,
				F3095A7C2DB3EBEF00481E4F /* DTeka - DrinkiSkladniki.tsv */,
				F3095A7D2DB3EBEF00481E4F /* DTeka - Skladniki.tsv */,
				F3095A7E2DB3EBEF00481E4F /* DTeka - SkladnikiZamienniki.tsv */,
			);
			path = TSV;
			sourceTree = "<group>";
		};
		F3095A532DB3C1E000481E4F /* View */ = {
			isa = PBXGroup;
			children = (
				F3095AA02DB670B000481E4F /* Drinki */,
				F3095A992DB66E1C00481E4F /* Wspolne */,
				F3095A522DB3C1E000481E4F /* drinki.swift */,
				F3095A902DB52EE100481E4F /* skladniki.swift */,
			);
			path = View;
			sourceTree = "<group>";
		};
		F3095A592DB3C1E000481E4F /* LadowanieCSV */ = {
			isa = PBXGroup;
			children = (
				F3095A8F2DB52B2500481E4F /* Skladnik */,
				F3095A8E2DB52B1200481E4F /* Drink */,
			);
			path = LadowanieCSV;
			sourceTree = "<group>";
		};
		F3095A5B2DB3C1E000481E4F /* ViewModel */ = {
			isa = PBXGroup;
			children = (
				F3095A952DB66DC500481E4F /* AES_VM.swift */,
				F3095A962DB66DC500481E4F /* JSON_VM.swift */,
				F3095A592DB3C1E000481E4F /* LadowanieCSV */,
				F3095A5A2DB3C1E000481E4F /* FunkcjePomocnicze.swift */,
			);
			path = ViewModel;
			sourceTree = "<group>";
		};
		F3095A5F2DB3C1E000481E4F /* Drinkoteka */ = {
			isa = PBXGroup;
			children = (
				F3095A472DB3C1E000481E4F /* Model */,
				F3095A512DB3C1E000481E4F /* TSV */,
				F3095A532DB3C1E000481E4F /* View */,
				F3095A5B2DB3C1E000481E4F /* ViewModel */,
				F3095A5C2DB3C1E000481E4F /* Assets.xcassets */,
				F3095A5D2DB3C1E000481E4F /* Drinkoteka.entitlements */,
				F3095A5E2DB3C1E000481E4F /* DrinkotekaApp.swift */,
			);
			path = Drinkoteka;
			sourceTree = "<group>";
		};
		F3095A852DB3EC5200481E4F /* Skladnik */ = {
			isa = PBXGroup;
			children = (
				F3095A862DB3EC5900481E4F /* Skl_M.swift */,
				F3095A462DB3C1E000481E4F /* SklZamiennik_M.swift */,
			);
			path = Skladnik;
			sourceTree = "<group>";
		};
		F3095A8E2DB52B1200481E4F /* Drink */ = {
			isa = PBXGroup;
			children = (
				F3095A552DB3C1E000481E4F /* LoadDrCSV_V.swift */,
				F3095A542DB3C1E000481E4F /* LoadDrAlkGlownyCSV_V.swift */,
				F3095A562DB3C1E000481E4F /* LoadDrPrzepisyCSV_V.swift */,
				F3095A582DB3C1E000481E4F /* LodaDrSkladnikiCSV_V.swift */,
			);
			path = Drink;
			sourceTree = "<group>";
		};
		F3095A8F2DB52B2500481E4F /* Skladnik */ = {
			isa = PBXGroup;
			children = (
				F3095A8C2DB3F8E900481E4F /* LoadSklCSV_V.swift */,
				F3095A922DB53DE900481E4F /* LoadSklZamiennikiCSV_V.swift */,
				F3A98E9E2DB55F3700C70D01 /* DeleteSkl_V 2.swift */,
			);
			path = Skladnik;
			sourceTree = "<group>";
		};
		F3095A992DB66E1C00481E4F /* Wspolne */ = {
			isa = PBXGroup;
			children = (
				F3095AA92DB6945200481E4F /* PrefClass.swift */,
				F3095AAA2DB6945200481E4F /* Preferencje.swift */,
				F3095AA72DB693AA00481E4F /* IkonaJestBrak.swift */,
				F3095A9E2DB66FF000481E4F /* ViewModifiers.swift */,
				F3095A9C2DB66F5A00481E4F /* BackgroundView.swift */,
				F3095A9A2DB66E2300481E4F /* Back.swift */,
			);
			path = Wspolne;
			sourceTree = "<group>";
		};
		F3095AA02DB670B000481E4F /* Drinki */ = {
			isa = PBXGroup;
			children = (
				F3095AA32DB68EA900481E4F /* DrinkSkladnikiView.swift */,
				F3095AA42DB68EA900481E4F /* DrinkSkladnikiLinijkaV.swift */,
				F3095AA12DB670B700481E4F /* DrinkPrzepisView.swift */,
			);
			path = Drinki;
			sourceTree = "<group>";
		};
		F324A3002DB19E0C00B21F83 = {
			isa = PBXGroup;
			children = (
				F3095A5F2DB3C1E000481E4F /* Drinkoteka */,
				F324A30A2DB19E0C00B21F83 /* Products */,
			);
			sourceTree = "<group>";
		};
		F324A30A2DB19E0C00B21F83 /* Products */ = {
			isa = PBXGroup;
			children = (
				F324A3092DB19E0C00B21F83 /* Drinkoteka.app */,
			);
			name = Products;
			sourceTree = "<group>";
		};
/* End PBXGroup section */

/* Begin PBXNativeTarget section */
		F324A3082DB19E0C00B21F83 /* Drinkoteka */ = {
			isa = PBXNativeTarget;
			buildConfigurationList = F324A3172DB19E0F00B21F83 /* Build configuration list for PBXNativeTarget "Drinkoteka" */;
			buildPhases = (
				F324A3052DB19E0C00B21F83 /* Sources */,
				F324A3062DB19E0C00B21F83 /* Frameworks */,
				F324A3072DB19E0C00B21F83 /* Resources */,
			);
			buildRules = (
			);
			dependencies = (
			);
			name = Drinkoteka;
			packageProductDependencies = (
			);
			productName = Drinkoteka;
			productReference = F324A3092DB19E0C00B21F83 /* Drinkoteka.app */;
			productType = "com.apple.product-type.application";
		};
/* End PBXNativeTarget section */

/* Begin PBXProject section */
		F324A3012DB19E0C00B21F83 /* Project object */ = {
			isa = PBXProject;
			attributes = {
				BuildIndependentTargetsInParallel = 1;
				LastSwiftUpdateCheck = 1630;
				LastUpgradeCheck = 1630;
				TargetAttributes = {
					F324A3082DB19E0C00B21F83 = {
						CreatedOnToolsVersion = 16.3;
					};
				};
			};
			buildConfigurationList = F324A3042DB19E0C00B21F83 /* Build configuration list for PBXProject "Drinkoteka" */;
			developmentRegion = en;
			hasScannedForEncodings = 0;
			knownRegions = (
				en,
				Base,
			);
			mainGroup = F324A3002DB19E0C00B21F83;
			minimizedProjectReferenceProxies = 1;
			preferredProjectObjectVersion = 77;
			productRefGroup = F324A30A2DB19E0C00B21F83 /* Products */;
			projectDirPath = "";
			projectRoot = "";
			targets = (
				F324A3082DB19E0C00B21F83 /* Drinkoteka */,
			);
		};
/* End PBXProject section */

/* Begin PBXResourcesBuildPhase section */
		F324A3072DB19E0C00B21F83 /* Resources */ = {
			isa = PBXResourcesBuildPhase;
			buildActionMask = 2147483647;
			files = (
				F3095A762DB3C1E000481E4F /* Assets.xcassets in Resources */,
				F3095A7F2DB3EBEF00481E4F /* DTeka - SkladnikiZamienniki.tsv in Resources */,
				F3095A802DB3EBEF00481E4F /* DTeka - Drinki.tsv in Resources */,
				F3095A812DB3EBEF00481E4F /* DTeka - Skladniki.tsv in Resources */,
				F3095A822DB3EBEF00481E4F /* DTeka - DrinkiAlkGlowny.tsv in Resources */,
				F3095A832DB3EBEF00481E4F /* DTeka - DrinkiSkladniki.tsv in Resources */,
				F3095A842DB3EBEF00481E4F /* DTeka - DrinkiPrzepisy.tsv in Resources */,
			);
			runOnlyForDeploymentPostprocessing = 0;
		};
/* End PBXResourcesBuildPhase section */

/* Begin PBXSourcesBuildPhase section */
		F324A3052DB19E0C00B21F83 /* Sources */ = {
			isa = PBXSourcesBuildPhase;
			buildActionMask = 2147483647;
			files = (
				F3095A602DB3C1E000481E4F /* Dr_M.swift in Sources */,
				F3095A942DB543F300481E4F /* LoadSklZamiennikiCSV_V.swift in Sources */,
				F3095A612DB3C1E000481E4F /* DrPrzepis_M.swift in Sources */,
				F3095A9D2DB66F5A00481E4F /* BackgroundView.swift in Sources */,
				F3095A622DB3C1E000481E4F /* DrSkladnik_M.swift in Sources */,
				F3095A972DB66DC500481E4F /* JSON_VM.swift in Sources */,
				F3095A982DB66DC500481E4F /* AES_VM.swift in Sources */,
				F3095A632DB3C1E000481E4F /* EnumModel.swift in Sources */,
				F3095A8D2DB3F8E900481E4F /* LoadSklCSV_V.swift in Sources */,
				F3095A9F2DB66FF000481E4F /* ViewModifiers.swift in Sources */,
				F3095A642DB3C1E000481E4F /* SklZamiennik_M.swift in Sources */,
				F3095A912DB52EE100481E4F /* skladniki.swift in Sources */,
				F3095A652DB3C1E000481E4F /* drinki.swift in Sources */,
				F3095A662DB3C1E000481E4F /* LoadDrAlkGlownyCSV_V.swift in Sources */,
				F3095A672DB3C1E000481E4F /* LoadDrCSV_V.swift in Sources */,
				F3095A682DB3C1E000481E4F /* LoadDrPrzepisyCSV_V.swift in Sources */,
				F3095AA82DB693AA00481E4F /* IkonaJestBrak.swift in Sources */,
				F3095A6A2DB3C1E000481E4F /* LodaDrSkladnikiCSV_V.swift in Sources */,
				F3095A6B2DB3C1E000481E4F /* FunkcjePomocnicze.swift in Sources */,
				F3095A872DB3EC5900481E4F /* Skl_M.swift in Sources */,
				F3095A8B2DB3ECB500481E4F /* SklStanModel.swift in Sources */,
				F3095A9B2DB66E2300481E4F /* Back.swift in Sources */,
				F3095A6C2DB3C1E000481E4F /* DrinkotekaApp.swift in Sources */,
				F3095AA22DB670B700481E4F /* DrinkPrzepisView.swift in Sources */,
			);
			runOnlyForDeploymentPostprocessing = 0;
		};
/* End PBXSourcesBuildPhase section */

/* Begin XCBuildConfiguration section */
		F324A3152DB19E0F00B21F83 /* Debug */ = {
			isa = XCBuildConfiguration;
			buildSettings = {
				ALWAYS_SEARCH_USER_PATHS = NO;
				ASSETCATALOG_COMPILER_GENERATE_SWIFT_ASSET_SYMBOL_EXTENSIONS = YES;
				CLANG_ANALYZER_NONNULL = YES;
				CLANG_ANALYZER_NUMBER_OBJECT_CONVERSION = YES_AGGRESSIVE;
				CLANG_CXX_LANGUAGE_STANDARD = "gnu++20";
				CLANG_ENABLE_MODULES = YES;
				CLANG_ENABLE_OBJC_ARC = YES;
				CLANG_ENABLE_OBJC_WEAK = YES;
				CLANG_WARN_BLOCK_CAPTURE_AUTORELEASING = YES;
				CLANG_WARN_BOOL_CONVERSION = YES;
				CLANG_WARN_COMMA = YES;
				CLANG_WARN_CONSTANT_CONVERSION = YES;
				CLANG_WARN_DEPRECATED_OBJC_IMPLEMENTATIONS = YES;
				CLANG_WARN_DIRECT_OBJC_ISA_USAGE = YES_ERROR;
				CLANG_WARN_DOCUMENTATION_COMMENTS = YES;
				CLANG_WARN_EMPTY_BODY = YES;
				CLANG_WARN_ENUM_CONVERSION = YES;
				CLANG_WARN_INFINITE_RECURSION = YES;
				CLANG_WARN_INT_CONVERSION = YES;
				CLANG_WARN_NON_LITERAL_NULL_CONVERSION = YES;
				CLANG_WARN_OBJC_IMPLICIT_RETAIN_SELF = YES;
				CLANG_WARN_OBJC_LITERAL_CONVERSION = YES;
				CLANG_WARN_OBJC_ROOT_CLASS = YES_ERROR;
				CLANG_WARN_QUOTED_INCLUDE_IN_FRAMEWORK_HEADER = YES;
				CLANG_WARN_RANGE_LOOP_ANALYSIS = YES;
				CLANG_WARN_STRICT_PROTOTYPES = YES;
				CLANG_WARN_SUSPICIOUS_MOVE = YES;
				CLANG_WARN_UNGUARDED_AVAILABILITY = YES_AGGRESSIVE;
				CLANG_WARN_UNREACHABLE_CODE = YES;
				CLANG_WARN__DUPLICATE_METHOD_MATCH = YES;
				COPY_PHASE_STRIP = NO;
				DEBUG_INFORMATION_FORMAT = dwarf;
				DEVELOPMENT_TEAM = 86K9YKET34;
				ENABLE_STRICT_OBJC_MSGSEND = YES;
				ENABLE_TESTABILITY = YES;
				ENABLE_USER_SCRIPT_SANDBOXING = YES;
				GCC_C_LANGUAGE_STANDARD = gnu17;
				GCC_DYNAMIC_NO_PIC = NO;
				GCC_NO_COMMON_BLOCKS = YES;
				GCC_OPTIMIZATION_LEVEL = 0;
				GCC_PREPROCESSOR_DEFINITIONS = (
					"DEBUG=1",
					"$(inherited)",
				);
				GCC_WARN_64_TO_32_BIT_CONVERSION = YES;
				GCC_WARN_ABOUT_RETURN_TYPE = YES_ERROR;
				GCC_WARN_UNDECLARED_SELECTOR = YES;
				GCC_WARN_UNINITIALIZED_AUTOS = YES_AGGRESSIVE;
				GCC_WARN_UNUSED_FUNCTION = YES;
				GCC_WARN_UNUSED_VARIABLE = YES;
				LOCALIZATION_PREFERS_STRING_CATALOGS = YES;
				MTL_ENABLE_DEBUG_INFO = INCLUDE_SOURCE;
				MTL_FAST_MATH = YES;
				ONLY_ACTIVE_ARCH = YES;
				SWIFT_ACTIVE_COMPILATION_CONDITIONS = "DEBUG $(inherited)";
				SWIFT_OPTIMIZATION_LEVEL = "-Onone";
			};
			name = Debug;
		};
		F324A3162DB19E0F00B21F83 /* Release */ = {
			isa = XCBuildConfiguration;
			buildSettings = {
				ALWAYS_SEARCH_USER_PATHS = NO;
				ASSETCATALOG_COMPILER_GENERATE_SWIFT_ASSET_SYMBOL_EXTENSIONS = YES;
				CLANG_ANALYZER_NONNULL = YES;
				CLANG_ANALYZER_NUMBER_OBJECT_CONVERSION = YES_AGGRESSIVE;
				CLANG_CXX_LANGUAGE_STANDARD = "gnu++20";
				CLANG_ENABLE_MODULES = YES;
				CLANG_ENABLE_OBJC_ARC = YES;
				CLANG_ENABLE_OBJC_WEAK = YES;
				CLANG_WARN_BLOCK_CAPTURE_AUTORELEASING = YES;
				CLANG_WARN_BOOL_CONVERSION = YES;
				CLANG_WARN_COMMA = YES;
				CLANG_WARN_CONSTANT_CONVERSION = YES;
				CLANG_WARN_DEPRECATED_OBJC_IMPLEMENTATIONS = YES;
				CLANG_WARN_DIRECT_OBJC_ISA_USAGE = YES_ERROR;
				CLANG_WARN_DOCUMENTATION_COMMENTS = YES;
				CLANG_WARN_EMPTY_BODY = YES;
				CLANG_WARN_ENUM_CONVERSION = YES;
				CLANG_WARN_INFINITE_RECURSION = YES;
				CLANG_WARN_INT_CONVERSION = YES;
				CLANG_WARN_NON_LITERAL_NULL_CONVERSION = YES;
				CLANG_WARN_OBJC_IMPLICIT_RETAIN_SELF = YES;
				CLANG_WARN_OBJC_LITERAL_CONVERSION = YES;
				CLANG_WARN_OBJC_ROOT_CLASS = YES_ERROR;
				CLANG_WARN_QUOTED_INCLUDE_IN_FRAMEWORK_HEADER = YES;
				CLANG_WARN_RANGE_LOOP_ANALYSIS = YES;
				CLANG_WARN_STRICT_PROTOTYPES = YES;
				CLANG_WARN_SUSPICIOUS_MOVE = YES;
				CLANG_WARN_UNGUARDED_AVAILABILITY = YES_AGGRESSIVE;
				CLANG_WARN_UNREACHABLE_CODE = YES;
				CLANG_WARN__DUPLICATE_METHOD_MATCH = YES;
				COPY_PHASE_STRIP = NO;
				DEBUG_INFORMATION_FORMAT = "dwarf-with-dsym";
				DEVELOPMENT_TEAM = 86K9YKET34;
				ENABLE_NS_ASSERTIONS = NO;
				ENABLE_STRICT_OBJC_MSGSEND = YES;
				ENABLE_USER_SCRIPT_SANDBOXING = YES;
				GCC_C_LANGUAGE_STANDARD = gnu17;
				GCC_NO_COMMON_BLOCKS = YES;
				GCC_WARN_64_TO_32_BIT_CONVERSION = YES;
				GCC_WARN_ABOUT_RETURN_TYPE = YES_ERROR;
				GCC_WARN_UNDECLARED_SELECTOR = YES;
				GCC_WARN_UNINITIALIZED_AUTOS = YES_AGGRESSIVE;
				GCC_WARN_UNUSED_FUNCTION = YES;
				GCC_WARN_UNUSED_VARIABLE = YES;
				LOCALIZATION_PREFERS_STRING_CATALOGS = YES;
				MTL_ENABLE_DEBUG_INFO = NO;
				MTL_FAST_MATH = YES;
				SWIFT_COMPILATION_MODE = wholemodule;
			};
			name = Release;
		};
		F324A3182DB19E0F00B21F83 /* Debug */ = {
			isa = XCBuildConfiguration;
			buildSettings = {
				ASSETCATALOG_COMPILER_APPICON_NAME = AppIcon;
				ASSETCATALOG_COMPILER_GLOBAL_ACCENT_COLOR_NAME = AccentColor;
				CODE_SIGN_ENTITLEMENTS = Drinkoteka/Drinkoteka.entitlements;
				CODE_SIGN_STYLE = Automatic;
				CURRENT_PROJECT_VERSION = 1;
				DEVELOPMENT_TEAM = 86K9YKET34;
				ENABLE_HARDENED_RUNTIME = YES;
				ENABLE_PREVIEWS = YES;
				GENERATE_INFOPLIST_FILE = YES;
				INFOPLIST_KEY_CFBundleDisplayName = Drinkoteka;
				INFOPLIST_KEY_LSApplicationCategoryType = "public.app-category.food-and-drink";
				"INFOPLIST_KEY_UIApplicationSceneManifest_Generation[sdk=iphoneos*]" = YES;
				"INFOPLIST_KEY_UIApplicationSceneManifest_Generation[sdk=iphonesimulator*]" = YES;
				"INFOPLIST_KEY_UIApplicationSupportsIndirectInputEvents[sdk=iphoneos*]" = YES;
				"INFOPLIST_KEY_UIApplicationSupportsIndirectInputEvents[sdk=iphonesimulator*]" = YES;
				"INFOPLIST_KEY_UILaunchScreen_Generation[sdk=iphoneos*]" = YES;
				"INFOPLIST_KEY_UILaunchScreen_Generation[sdk=iphonesimulator*]" = YES;
				"INFOPLIST_KEY_UIStatusBarStyle[sdk=iphoneos*]" = UIStatusBarStyleDefault;
				"INFOPLIST_KEY_UIStatusBarStyle[sdk=iphonesimulator*]" = UIStatusBarStyleDefault;
				INFOPLIST_KEY_UISupportedInterfaceOrientations_iPad = "UIInterfaceOrientationPortrait UIInterfaceOrientationPortraitUpsideDown UIInterfaceOrientationLandscapeLeft UIInterfaceOrientationLandscapeRight";
				INFOPLIST_KEY_UISupportedInterfaceOrientations_iPhone = "UIInterfaceOrientationPortrait UIInterfaceOrientationLandscapeLeft UIInterfaceOrientationLandscapeRight";
				IPHONEOS_DEPLOYMENT_TARGET = 18.4;
				LD_RUNPATH_SEARCH_PATHS = "@executable_path/Frameworks";
				"LD_RUNPATH_SEARCH_PATHS[sdk=macosx*]" = "@executable_path/../Frameworks";
				MACOSX_DEPLOYMENT_TARGET = 14.0;
				MARKETING_VERSION = 1.0;
				PRODUCT_BUNDLE_IDENTIFIER = film.post.Drinkoteka;
				PRODUCT_NAME = "$(TARGET_NAME)";
				REGISTER_APP_GROUPS = YES;
				SDKROOT = auto;
				SUPPORTED_PLATFORMS = "iphoneos iphonesimulator macosx";
				SUPPORTS_MACCATALYST = NO;
				SWIFT_EMIT_LOC_STRINGS = YES;
				SWIFT_VERSION = 5.0;
				TARGETED_DEVICE_FAMILY = "1,2";
				XROS_DEPLOYMENT_TARGET = 2.4;
			};
			name = Debug;
		};
		F324A3192DB19E0F00B21F83 /* Release */ = {
			isa = XCBuildConfiguration;
			buildSettings = {
				ASSETCATALOG_COMPILER_APPICON_NAME = AppIcon;
				ASSETCATALOG_COMPILER_GLOBAL_ACCENT_COLOR_NAME = AccentColor;
				CODE_SIGN_ENTITLEMENTS = Drinkoteka/Drinkoteka.entitlements;
				CODE_SIGN_STYLE = Automatic;
				CURRENT_PROJECT_VERSION = 1;
				DEVELOPMENT_TEAM = 86K9YKET34;
				ENABLE_HARDENED_RUNTIME = YES;
				ENABLE_PREVIEWS = YES;
				GENERATE_INFOPLIST_FILE = YES;
				INFOPLIST_KEY_CFBundleDisplayName = Drinkoteka;
				INFOPLIST_KEY_LSApplicationCategoryType = "public.app-category.food-and-drink";
				"INFOPLIST_KEY_UIApplicationSceneManifest_Generation[sdk=iphoneos*]" = YES;
				"INFOPLIST_KEY_UIApplicationSceneManifest_Generation[sdk=iphonesimulator*]" = YES;
				"INFOPLIST_KEY_UIApplicationSupportsIndirectInputEvents[sdk=iphoneos*]" = YES;
				"INFOPLIST_KEY_UIApplicationSupportsIndirectInputEvents[sdk=iphonesimulator*]" = YES;
				"INFOPLIST_KEY_UILaunchScreen_Generation[sdk=iphoneos*]" = YES;
				"INFOPLIST_KEY_UILaunchScreen_Generation[sdk=iphonesimulator*]" = YES;
				"INFOPLIST_KEY_UIStatusBarStyle[sdk=iphoneos*]" = UIStatusBarStyleDefault;
				"INFOPLIST_KEY_UIStatusBarStyle[sdk=iphonesimulator*]" = UIStatusBarStyleDefault;
				INFOPLIST_KEY_UISupportedInterfaceOrientations_iPad = "UIInterfaceOrientationPortrait UIInterfaceOrientationPortraitUpsideDown UIInterfaceOrientationLandscapeLeft UIInterfaceOrientationLandscapeRight";
				INFOPLIST_KEY_UISupportedInterfaceOrientations_iPhone = "UIInterfaceOrientationPortrait UIInterfaceOrientationLandscapeLeft UIInterfaceOrientationLandscapeRight";
				IPHONEOS_DEPLOYMENT_TARGET = 18.4;
				LD_RUNPATH_SEARCH_PATHS = "@executable_path/Frameworks";
				"LD_RUNPATH_SEARCH_PATHS[sdk=macosx*]" = "@executable_path/../Frameworks";
				MACOSX_DEPLOYMENT_TARGET = 14.0;
				MARKETING_VERSION = 1.0;
				PRODUCT_BUNDLE_IDENTIFIER = film.post.Drinkoteka;
				PRODUCT_NAME = "$(TARGET_NAME)";
				REGISTER_APP_GROUPS = YES;
				SDKROOT = auto;
				SUPPORTED_PLATFORMS = "iphoneos iphonesimulator macosx";
				SUPPORTS_MACCATALYST = NO;
				SWIFT_EMIT_LOC_STRINGS = YES;
				SWIFT_VERSION = 5.0;
				TARGETED_DEVICE_FAMILY = "1,2";
				XROS_DEPLOYMENT_TARGET = 2.4;
			};
			name = Release;
		};
/* End XCBuildConfiguration section */

/* Begin XCConfigurationList section */
		F324A3042DB19E0C00B21F83 /* Build configuration list for PBXProject "Drinkoteka" */ = {
			isa = XCConfigurationList;
			buildConfigurations = (
				F324A3152DB19E0F00B21F83 /* Debug */,
				F324A3162DB19E0F00B21F83 /* Release */,
			);
			defaultConfigurationIsVisible = 0;
			defaultConfigurationName = Release;
		};
		F324A3172DB19E0F00B21F83 /* Build configuration list for PBXNativeTarget "Drinkoteka" */ = {
			isa = XCConfigurationList;
			buildConfigurations = (
				F324A3182DB19E0F00B21F83 /* Debug */,
				F324A3192DB19E0F00B21F83 /* Release */,
			);
			defaultConfigurationIsVisible = 0;
			defaultConfigurationName = Release;
		};
/* End XCConfigurationList section */
	};
	rootObject = F324A3012DB19E0C00B21F83 /* Project object */;
}
