// !$*UTF8*$!
{
	archiveVersion = 1;
	classes = {
	};
	objectVersion = 77;
	objects = {

/* Begin PBXBuildFile section */
		F3095A602DB3C1E000481E4F /* Dr_M.swift in Sources */ = {isa = PBXBuildFile; fileRef = F3095A412DB3C1E000481E4F /* Dr_M.swift */; };
		F3095A612DB3C1E000481E4F /* DrPrzepis_M.swift in Sources */ = {isa = PBXBuildFile; fileRef = F3095A422DB3C1E000481E4F /* DrPrzepis_M.swift */; };
		F3095A622DB3C1E000481E4F /* DrSkladnik_M.swift in Sources */ = {isa = PBXBuildFile; fileRef = F3095A432DB3C1E000481E4F /* DrSkladnik_M.swift */; };
		F3095A632DB3C1E000481E4F /* EnumModel.swift in Sources */ = {isa = PBXBuildFile; fileRef = F3095A452DB3C1E000481E4F /* EnumModel.swift */; };
		F3095A662DB3C1E000481E4F /* loadDrAlkGlownyCSV_VM.swift in Sources */ = {isa = PBXBuildFile; fileRef = F3095A542DB3C1E000481E4F /* loadDrAlkGlownyCSV_VM.swift */; };
		F3095A672DB3C1E000481E4F /* loadDrCSV_VM.swift in Sources */ = {isa = PBXBuildFile; fileRef = F3095A552DB3C1E000481E4F /* loadDrCSV_VM.swift */; };
		F3095A682DB3C1E000481E4F /* loadDrPrzepisyCSV_VM.swift in Sources */ = {isa = PBXBuildFile; fileRef = F3095A562DB3C1E000481E4F /* loadDrPrzepisyCSV_VM.swift */; };
		F3095A6A2DB3C1E000481E4F /* loadDrSkladnikiCSV_VM.swift in Sources */ = {isa = PBXBuildFile; fileRef = F3095A582DB3C1E000481E4F /* loadDrSkladnikiCSV_VM.swift */; };
		F3095A6C2DB3C1E000481E4F /* DrinkotekaApp.swift in Sources */ = {isa = PBXBuildFile; fileRef = F3095A5E2DB3C1E000481E4F /* DrinkotekaApp.swift */; };
		F3095A762DB3C1E000481E4F /* Assets.xcassets in Resources */ = {isa = PBXBuildFile; fileRef = F3095A5C2DB3C1E000481E4F /* Assets.xcassets */; };
		F3095A7F2DB3EBEF00481E4F /* DTeka - SkladnikiZamienniki.tsv in Resources */ = {isa = PBXBuildFile; fileRef = F3095A7E2DB3EBEF00481E4F /* DTeka - SkladnikiZamienniki.tsv */; };
		F3095A802DB3EBEF00481E4F /* DTeka - Drinki.tsv in Resources */ = {isa = PBXBuildFile; fileRef = F3095A792DB3EBEF00481E4F /* DTeka - Drinki.tsv */; };
		F3095A812DB3EBEF00481E4F /* DTeka - Skladniki.tsv in Resources */ = {isa = PBXBuildFile; fileRef = F3095A7D2DB3EBEF00481E4F /* DTeka - Skladniki.tsv */; };
		F3095A822DB3EBEF00481E4F /* DTeka - DrinkiAlkGlowny.tsv in Resources */ = {isa = PBXBuildFile; fileRef = F3095A7A2DB3EBEF00481E4F /* DTeka - DrinkiAlkGlowny.tsv */; };
		F3095A832DB3EBEF00481E4F /* DTeka - DrinkiSkladniki.tsv in Resources */ = {isa = PBXBuildFile; fileRef = F3095A7C2DB3EBEF00481E4F /* DTeka - DrinkiSkladniki.tsv */; };
		F3095A842DB3EBEF00481E4F /* DTeka - DrinkiPrzepisy.tsv in Resources */ = {isa = PBXBuildFile; fileRef = F3095A7B2DB3EBEF00481E4F /* DTeka - DrinkiPrzepisy.tsv */; };
		F3095A872DB3EC5900481E4F /* Skl_M.swift in Sources */ = {isa = PBXBuildFile; fileRef = F3095A862DB3EC5900481E4F /* Skl_M.swift */; };
		F3095A8B2DB3ECB500481E4F /* SklStanModel.swift in Sources */ = {isa = PBXBuildFile; fileRef = F3095A8A2DB3ECB500481E4F /* SklStanModel.swift */; };
		F3095A8D2DB3F8E900481E4F /* loadSklCSV_VM.swift in Sources */ = {isa = PBXBuildFile; fileRef = F3095A8C2DB3F8E900481E4F /* loadSklCSV_VM.swift */; };
		F3095A942DB543F300481E4F /* loadSklZamiennikiCSV_VM.swift in Sources */ = {isa = PBXBuildFile; fileRef = F3095A922DB53DE900481E4F /* loadSklZamiennikiCSV_VM.swift */; };
		F3095A9B2DB66E2300481E4F /* Back_V.swift in Sources */ = {isa = PBXBuildFile; fileRef = F3095A9A2DB66E2300481E4F /* Back_V.swift */; };
		F3095A9F2DB66FF000481E4F /* ViewModifiers.swift in Sources */ = {isa = PBXBuildFile; fileRef = F3095A9E2DB66FF000481E4F /* ViewModifiers.swift */; };
		F3095AA82DB693AA00481E4F /* IkonaJestBrak_V.swift in Sources */ = {isa = PBXBuildFile; fileRef = F3095AA72DB693AA00481E4F /* IkonaJestBrak_V.swift */; };
		F327D6D52DC368980080F897 /* DrinkPrzepis_V.swift in Sources */ = {isa = PBXBuildFile; fileRef = F327D6D42DC368980080F897 /* DrinkPrzepis_V.swift */; };
		F32ACBF72DCE6CCD00056186 /* Home_V.swift in Sources */ = {isa = PBXBuildFile; fileRef = F32ACBF62DCE6CCD00056186 /* Home_V.swift */; };
		F33256142DC0AE7C00C4055A /* SkladnikiBack_V.swift in Sources */ = {isa = PBXBuildFile; fileRef = F33256132DC0AE7C00C4055A /* SkladnikiBack_V.swift */; };
		F34889CE2DD3F95800CE649D /* Launch Screen.storyboard in Resources */ = {isa = PBXBuildFile; fileRef = F34889CD2DD3F95800CE649D /* Launch Screen.storyboard */; };
		F34D9EAC2DBC2BE000D484DC /* SkladnikiLista_V.swift in Sources */ = {isa = PBXBuildFile; fileRef = F34D9EA82DBC250400D484DC /* SkladnikiLista_V.swift */; };
		F36F1E822DB783E6000775D6 /* PrefClass_VM.swift in Sources */ = {isa = PBXBuildFile; fileRef = F3095AA92DB6945200481E4F /* PrefClass_VM.swift */; };
		F36F1E842DB78BC2000775D6 /* Logowanie_V.swift in Sources */ = {isa = PBXBuildFile; fileRef = F36F1E832DB78BC2000775D6 /* Logowanie_V.swift */; };
		F36F1E862DB78E4E000775D6 /* Rejestracja_v.swift in Sources */ = {isa = PBXBuildFile; fileRef = F36F1E852DB78E4E000775D6 /* Rejestracja_v.swift */; };
		F36F1E892DB7A66A000775D6 /* Profil_V.swift in Sources */ = {isa = PBXBuildFile; fileRef = F36F1E882DB7A66A000775D6 /* Profil_V.swift */; };
		F36F1E8A2DB7AB8A000775D6 /* Preferencje_V.swift in Sources */ = {isa = PBXBuildFile; fileRef = F3095AAA2DB6945200481E4F /* Preferencje_V.swift */; };
		F36F1E8B2DB7BAFE000775D6 /* DrinkSkladnikLinijka_V.swift in Sources */ = {isa = PBXBuildFile; fileRef = F3095AA42DB68EA900481E4F /* DrinkSkladnikLinijka_V.swift */; };
		F36F1E902DB7DF32000775D6 /* SkladnikOpis_V.swift in Sources */ = {isa = PBXBuildFile; fileRef = F36F1E8F2DB7DF32000775D6 /* SkladnikOpis_V.swift */; };
		F36F1E922DB7E085000775D6 /* SkladnikZamiennikLinia_V.swift in Sources */ = {isa = PBXBuildFile; fileRef = F36F1E912DB7E085000775D6 /* SkladnikZamiennikLinia_V.swift */; };
		F36F1E942DB7E21E000775D6 /* SkladnikZamiennikiAll_V.swift in Sources */ = {isa = PBXBuildFile; fileRef = F36F1E932DB7E21E000775D6 /* SkladnikZamiennikiAll_V.swift */; };
		F36F1E962DB7E356000775D6 /* SkladnikStan_V.swift in Sources */ = {isa = PBXBuildFile; fileRef = F36F1E952DB7E356000775D6 /* SkladnikStan_V.swift */; };
		F36F1E982DB7E3E8000775D6 /* SkladnikFoto_V.swift in Sources */ = {isa = PBXBuildFile; fileRef = F36F1E972DB7E3E8000775D6 /* SkladnikFoto_V.swift */; };
		F36F1E9A2DB7E4A3000775D6 /* Skladnik_V.swift in Sources */ = {isa = PBXBuildFile; fileRef = F36F1E992DB7E4A3000775D6 /* Skladnik_V.swift */; };
		F37319872DBBF60C0028F97C /* SearchBar_V.swift in Sources */ = {isa = PBXBuildFile; fileRef = F37319862DBBF60C0028F97C /* SearchBar_V.swift */; };
		F37319882DBBF9270028F97C /* UIApplication.swift in Sources */ = {isa = PBXBuildFile; fileRef = F377B0A72DB8D47500FE8CE3 /* UIApplication.swift */; };
		F377B09E2DB8BBBE00FE8CE3 /* SkladnikTitle_V.swift in Sources */ = {isa = PBXBuildFile; fileRef = F377B09D2DB8BBBE00FE8CE3 /* SkladnikTitle_V.swift */; };
		F377B0A12DB8C17F00FE8CE3 /* SkladnikWWW_V.swift in Sources */ = {isa = PBXBuildFile; fileRef = F377B09F2DB8BE6000FE8CE3 /* SkladnikWWW_V.swift */; };
		F377B0A32DB8C40C00FE8CE3 /* DrinkFiltry_V.swift in Sources */ = {isa = PBXBuildFile; fileRef = F377B0A22DB8C40C00FE8CE3 /* DrinkFiltry_V.swift */; };
		F377B0AC2DB8D88D00FE8CE3 /* CustomTab_V.swift in Sources */ = {isa = PBXBuildFile; fileRef = F377B0A62DB8D47500FE8CE3 /* CustomTab_V.swift */; };
		F396F69E2DBA42040030A329 /* DrinkMock.swift in Sources */ = {isa = PBXBuildFile; fileRef = F36F1E8C2DB7D7A0000775D6 /* DrinkMock.swift */; };
		F396F69F2DBA5D860030A329 /* DrinkiLista_V.swift in Sources */ = {isa = PBXBuildFile; fileRef = F36F1E7F2DB77A29000775D6 /* DrinkiLista_V.swift */; };
		F3BEA8712DB7FF91001E6801 /* DrinkSkladniki_V.swift in Sources */ = {isa = PBXBuildFile; fileRef = F3095AA32DB68EA900481E4F /* DrinkSkladniki_V.swift */; };
		F3BEA8732DB8067C001E6801 /* Drink_V.swift in Sources */ = {isa = PBXBuildFile; fileRef = F36F1E812DB77A29000775D6 /* Drink_V.swift */; };
		F3BEA8752DB807F1001E6801 /* DrinkTitle_V.swift in Sources */ = {isa = PBXBuildFile; fileRef = F3BEA8742DB807F1001E6801 /* DrinkTitle_V.swift */; };
		F3BEA8772DB80F91001E6801 /* DrinkDane_V.swift in Sources */ = {isa = PBXBuildFile; fileRef = F3BEA8762DB80F91001E6801 /* DrinkDane_V.swift */; };
		F3BEA87A2DB81435001E6801 /* DrinkFoto_V.swift in Sources */ = {isa = PBXBuildFile; fileRef = F3BEA8782DB81435001E6801 /* DrinkFoto_V.swift */; };
		F3BEA87B2DB81435001E6801 /* DrinkSkala_V.swift in Sources */ = {isa = PBXBuildFile; fileRef = F3BEA8792DB81435001E6801 /* DrinkSkala_V.swift */; };
		F3BEA87D2DB81CEC001E6801 /* DrinkNotatka_V.swift in Sources */ = {isa = PBXBuildFile; fileRef = F3BEA87C2DB81CEC001E6801 /* DrinkNotatka_V.swift */; };
		F3BEA87F2DB820AB001E6801 /* DrinkWWW_V.swift in Sources */ = {isa = PBXBuildFile; fileRef = F3BEA87E2DB820AB001E6801 /* DrinkWWW_V.swift */; };
		F3BEA8812DB82A9B001E6801 /* DrinkBack_V.swift in Sources */ = {isa = PBXBuildFile; fileRef = F3BEA8802DB82A9B001E6801 /* DrinkBack_V.swift */; };
		F3C25B902DC17A920038FD84 /* SkladnikWDrinkach_V.swift in Sources */ = {isa = PBXBuildFile; fileRef = F3C25B8F2DC17A920038FD84 /* SkladnikWDrinkach_V.swift */; };
		F3DE992D2DC8884C00957537 /* Funkcje_VM.swift in Sources */ = {isa = PBXBuildFile; fileRef = F3DE992C2DC8884C00957537 /* Funkcje_VM.swift */; };
		F3EC6DB02DC2CD8B008C03A5 /* SklZamiennik_M.swift in Sources */ = {isa = PBXBuildFile; fileRef = F3EC6DAF2DC2CD8B008C03A5 /* SklZamiennik_M.swift */; };
/* End PBXBuildFile section */

/* Begin PBXFileReference section */
		F3095A412DB3C1E000481E4F /* Dr_M.swift */ = {isa = PBXFileReference; lastKnownFileType = sourcecode.swift; path = Dr_M.swift; sourceTree = "<group>"; };
		F3095A422DB3C1E000481E4F /* DrPrzepis_M.swift */ = {isa = PBXFileReference; lastKnownFileType = sourcecode.swift; path = DrPrzepis_M.swift; sourceTree = "<group>"; };
		F3095A432DB3C1E000481E4F /* DrSkladnik_M.swift */ = {isa = PBXFileReference; lastKnownFileType = sourcecode.swift; path = DrSkladnik_M.swift; sourceTree = "<group>"; };
		F3095A452DB3C1E000481E4F /* EnumModel.swift */ = {isa = PBXFileReference; lastKnownFileType = sourcecode.swift; path = EnumModel.swift; sourceTree = "<group>"; };
		F3095A542DB3C1E000481E4F /* loadDrAlkGlownyCSV_VM.swift */ = {isa = PBXFileReference; lastKnownFileType = sourcecode.swift; path = loadDrAlkGlownyCSV_VM.swift; sourceTree = "<group>"; };
		F3095A552DB3C1E000481E4F /* loadDrCSV_VM.swift */ = {isa = PBXFileReference; lastKnownFileType = sourcecode.swift; path = loadDrCSV_VM.swift; sourceTree = "<group>"; };
		F3095A562DB3C1E000481E4F /* loadDrPrzepisyCSV_VM.swift */ = {isa = PBXFileReference; lastKnownFileType = sourcecode.swift; path = loadDrPrzepisyCSV_VM.swift; sourceTree = "<group>"; };
		F3095A582DB3C1E000481E4F /* loadDrSkladnikiCSV_VM.swift */ = {isa = PBXFileReference; lastKnownFileType = sourcecode.swift; path = loadDrSkladnikiCSV_VM.swift; sourceTree = "<group>"; };
		F3095A5C2DB3C1E000481E4F /* Assets.xcassets */ = {isa = PBXFileReference; lastKnownFileType = folder.assetcatalog; path = Assets.xcassets; sourceTree = "<group>"; };
		F3095A5D2DB3C1E000481E4F /* Drinkoteka.entitlements */ = {isa = PBXFileReference; lastKnownFileType = text.plist.entitlements; path = Drinkoteka.entitlements; sourceTree = "<group>"; };
		F3095A5E2DB3C1E000481E4F /* DrinkotekaApp.swift */ = {isa = PBXFileReference; lastKnownFileType = sourcecode.swift; path = DrinkotekaApp.swift; sourceTree = "<group>"; };
		F3095A792DB3EBEF00481E4F /* DTeka - Drinki.tsv */ = {isa = PBXFileReference; lastKnownFileType = text; path = "DTeka - Drinki.tsv"; sourceTree = "<group>"; };
		F3095A7A2DB3EBEF00481E4F /* DTeka - DrinkiAlkGlowny.tsv */ = {isa = PBXFileReference; lastKnownFileType = text; path = "DTeka - DrinkiAlkGlowny.tsv"; sourceTree = "<group>"; };
		F3095A7B2DB3EBEF00481E4F /* DTeka - DrinkiPrzepisy.tsv */ = {isa = PBXFileReference; lastKnownFileType = text; path = "DTeka - DrinkiPrzepisy.tsv"; sourceTree = "<group>"; };
		F3095A7C2DB3EBEF00481E4F /* DTeka - DrinkiSkladniki.tsv */ = {isa = PBXFileReference; lastKnownFileType = text; path = "DTeka - DrinkiSkladniki.tsv"; sourceTree = "<group>"; };
		F3095A7D2DB3EBEF00481E4F /* DTeka - Skladniki.tsv */ = {isa = PBXFileReference; lastKnownFileType = text; path = "DTeka - Skladniki.tsv"; sourceTree = "<group>"; };
		F3095A7E2DB3EBEF00481E4F /* DTeka - SkladnikiZamienniki.tsv */ = {isa = PBXFileReference; lastKnownFileType = text; path = "DTeka - SkladnikiZamienniki.tsv"; sourceTree = "<group>"; };
		F3095A862DB3EC5900481E4F /* Skl_M.swift */ = {isa = PBXFileReference; lastKnownFileType = sourcecode.swift; path = Skl_M.swift; sourceTree = "<group>"; };
		F3095A8A2DB3ECB500481E4F /* SklStanModel.swift */ = {isa = PBXFileReference; lastKnownFileType = sourcecode.swift; path = SklStanModel.swift; sourceTree = "<group>"; };
		F3095A8C2DB3F8E900481E4F /* loadSklCSV_VM.swift */ = {isa = PBXFileReference; lastKnownFileType = sourcecode.swift; path = loadSklCSV_VM.swift; sourceTree = "<group>"; };
		F3095A922DB53DE900481E4F /* loadSklZamiennikiCSV_VM.swift */ = {isa = PBXFileReference; lastKnownFileType = sourcecode.swift; path = loadSklZamiennikiCSV_VM.swift; sourceTree = "<group>"; };
		F3095A9A2DB66E2300481E4F /* Back_V.swift */ = {isa = PBXFileReference; lastKnownFileType = sourcecode.swift; path = Back_V.swift; sourceTree = "<group>"; };
		F3095A9E2DB66FF000481E4F /* ViewModifiers.swift */ = {isa = PBXFileReference; lastKnownFileType = sourcecode.swift; path = ViewModifiers.swift; sourceTree = "<group>"; };
		F3095AA12DB670B700481E4F /* DrinkPrzepisE_V.swift */ = {isa = PBXFileReference; lastKnownFileType = sourcecode.swift; path = DrinkPrzepisE_V.swift; sourceTree = "<group>"; };
		F3095AA32DB68EA900481E4F /* DrinkSkladniki_V.swift */ = {isa = PBXFileReference; lastKnownFileType = sourcecode.swift; path = DrinkSkladniki_V.swift; sourceTree = "<group>"; };
		F3095AA42DB68EA900481E4F /* DrinkSkladnikLinijka_V.swift */ = {isa = PBXFileReference; lastKnownFileType = sourcecode.swift; path = DrinkSkladnikLinijka_V.swift; sourceTree = "<group>"; };
		F3095AA72DB693AA00481E4F /* IkonaJestBrak_V.swift */ = {isa = PBXFileReference; lastKnownFileType = sourcecode.swift; path = IkonaJestBrak_V.swift; sourceTree = "<group>"; };
		F3095AA92DB6945200481E4F /* PrefClass_VM.swift */ = {isa = PBXFileReference; lastKnownFileType = sourcecode.swift; path = PrefClass_VM.swift; sourceTree = "<group>"; };
		F3095AAA2DB6945200481E4F /* Preferencje_V.swift */ = {isa = PBXFileReference; lastKnownFileType = sourcecode.swift; path = Preferencje_V.swift; sourceTree = "<group>"; };
		F324A3092DB19E0C00B21F83 /* Drinkoteka.app */ = {isa = PBXFileReference; explicitFileType = wrapper.application; includeInIndex = 0; path = Drinkoteka.app; sourceTree = BUILT_PRODUCTS_DIR; };
		F327D6D42DC368980080F897 /* DrinkPrzepis_V.swift */ = {isa = PBXFileReference; lastKnownFileType = sourcecode.swift; path = DrinkPrzepis_V.swift; sourceTree = "<group>"; };
		F32ACBF62DCE6CCD00056186 /* Home_V.swift */ = {isa = PBXFileReference; lastKnownFileType = sourcecode.swift; path = Home_V.swift; sourceTree = "<group>"; };
		F33256132DC0AE7C00C4055A /* SkladnikiBack_V.swift */ = {isa = PBXFileReference; lastKnownFileType = sourcecode.swift; name = SkladnikiBack_V.swift; path = "Drinkoteka/View/Skladniki View/SkladnikiBack_V.swift"; sourceTree = SOURCE_ROOT; };
		F34889CD2DD3F95800CE649D /* Launch Screen.storyboard */ = {isa = PBXFileReference; lastKnownFileType = file.storyboard; path = "Launch Screen.storyboard"; sourceTree = "<group>"; };
		F34D9EA82DBC250400D484DC /* SkladnikiLista_V.swift */ = {isa = PBXFileReference; lastKnownFileType = sourcecode.swift; path = SkladnikiLista_V.swift; sourceTree = "<group>"; };
		F36F1E7F2DB77A29000775D6 /* DrinkiLista_V.swift */ = {isa = PBXFileReference; lastKnownFileType = sourcecode.swift; path = DrinkiLista_V.swift; sourceTree = "<group>"; };
		F36F1E812DB77A29000775D6 /* Drink_V.swift */ = {isa = PBXFileReference; lastKnownFileType = sourcecode.swift; path = Drink_V.swift; sourceTree = "<group>"; };
		F36F1E832DB78BC2000775D6 /* Logowanie_V.swift */ = {isa = PBXFileReference; lastKnownFileType = sourcecode.swift; path = Logowanie_V.swift; sourceTree = "<group>"; };
		F36F1E852DB78E4E000775D6 /* Rejestracja_v.swift */ = {isa = PBXFileReference; lastKnownFileType = sourcecode.swift; path = Rejestracja_v.swift; sourceTree = "<group>"; };
		F36F1E882DB7A66A000775D6 /* Profil_V.swift */ = {isa = PBXFileReference; lastKnownFileType = sourcecode.swift; path = Profil_V.swift; sourceTree = "<group>"; };
		F36F1E8C2DB7D7A0000775D6 /* DrinkMock.swift */ = {isa = PBXFileReference; lastKnownFileType = sourcecode.swift; path = DrinkMock.swift; sourceTree = "<group>"; };
		F36F1E8F2DB7DF32000775D6 /* SkladnikOpis_V.swift */ = {isa = PBXFileReference; lastKnownFileType = sourcecode.swift; path = SkladnikOpis_V.swift; sourceTree = "<group>"; };
		F36F1E912DB7E085000775D6 /* SkladnikZamiennikLinia_V.swift */ = {isa = PBXFileReference; lastKnownFileType = sourcecode.swift; path = SkladnikZamiennikLinia_V.swift; sourceTree = "<group>"; };
		F36F1E932DB7E21E000775D6 /* SkladnikZamiennikiAll_V.swift */ = {isa = PBXFileReference; lastKnownFileType = sourcecode.swift; path = SkladnikZamiennikiAll_V.swift; sourceTree = "<group>"; };
		F36F1E952DB7E356000775D6 /* SkladnikStan_V.swift */ = {isa = PBXFileReference; lastKnownFileType = sourcecode.swift; path = SkladnikStan_V.swift; sourceTree = "<group>"; };
		F36F1E972DB7E3E8000775D6 /* SkladnikFoto_V.swift */ = {isa = PBXFileReference; lastKnownFileType = sourcecode.swift; path = SkladnikFoto_V.swift; sourceTree = "<group>"; };
		F36F1E992DB7E4A3000775D6 /* Skladnik_V.swift */ = {isa = PBXFileReference; lastKnownFileType = sourcecode.swift; path = Skladnik_V.swift; sourceTree = "<group>"; };
		F37319862DBBF60C0028F97C /* SearchBar_V.swift */ = {isa = PBXFileReference; lastKnownFileType = sourcecode.swift; path = SearchBar_V.swift; sourceTree = "<group>"; };
		F377B09D2DB8BBBE00FE8CE3 /* SkladnikTitle_V.swift */ = {isa = PBXFileReference; lastKnownFileType = sourcecode.swift; path = SkladnikTitle_V.swift; sourceTree = "<group>"; };
		F377B09F2DB8BE6000FE8CE3 /* SkladnikWWW_V.swift */ = {isa = PBXFileReference; lastKnownFileType = sourcecode.swift; path = SkladnikWWW_V.swift; sourceTree = "<group>"; };
		F377B0A22DB8C40C00FE8CE3 /* DrinkFiltry_V.swift */ = {isa = PBXFileReference; lastKnownFileType = sourcecode.swift; path = DrinkFiltry_V.swift; sourceTree = "<group>"; };
		F377B0A62DB8D47500FE8CE3 /* CustomTab_V.swift */ = {isa = PBXFileReference; lastKnownFileType = sourcecode.swift; path = CustomTab_V.swift; sourceTree = "<group>"; };
		F377B0A72DB8D47500FE8CE3 /* UIApplication.swift */ = {isa = PBXFileReference; lastKnownFileType = sourcecode.swift; path = UIApplication.swift; sourceTree = "<group>"; };
		F3BEA8742DB807F1001E6801 /* DrinkTitle_V.swift */ = {isa = PBXFileReference; lastKnownFileType = sourcecode.swift; path = DrinkTitle_V.swift; sourceTree = "<group>"; };
		F3BEA8762DB80F91001E6801 /* DrinkDane_V.swift */ = {isa = PBXFileReference; lastKnownFileType = sourcecode.swift; path = DrinkDane_V.swift; sourceTree = "<group>"; };
		F3BEA8782DB81435001E6801 /* DrinkFoto_V.swift */ = {isa = PBXFileReference; lastKnownFileType = sourcecode.swift; path = DrinkFoto_V.swift; sourceTree = "<group>"; };
		F3BEA8792DB81435001E6801 /* DrinkSkala_V.swift */ = {isa = PBXFileReference; lastKnownFileType = sourcecode.swift; path = DrinkSkala_V.swift; sourceTree = "<group>"; };
		F3BEA87C2DB81CEC001E6801 /* DrinkNotatka_V.swift */ = {isa = PBXFileReference; lastKnownFileType = sourcecode.swift; path = DrinkNotatka_V.swift; sourceTree = "<group>"; };
		F3BEA87E2DB820AB001E6801 /* DrinkWWW_V.swift */ = {isa = PBXFileReference; lastKnownFileType = sourcecode.swift; path = DrinkWWW_V.swift; sourceTree = "<group>"; };
		F3BEA8802DB82A9B001E6801 /* DrinkBack_V.swift */ = {isa = PBXFileReference; lastKnownFileType = sourcecode.swift; name = DrinkBack_V.swift; path = "Drinkoteka/View/Drinki View/DrinkBack_V.swift"; sourceTree = SOURCE_ROOT; };
		F3C25B8F2DC17A920038FD84 /* SkladnikWDrinkach_V.swift */ = {isa = PBXFileReference; lastKnownFileType = sourcecode.swift; path = SkladnikWDrinkach_V.swift; sourceTree = "<group>"; };
		F3DE992C2DC8884C00957537 /* Funkcje_VM.swift */ = {isa = PBXFileReference; lastKnownFileType = sourcecode.swift; path = Funkcje_VM.swift; sourceTree = "<group>"; };
		F3EC6DAF2DC2CD8B008C03A5 /* SklZamiennik_M.swift */ = {isa = PBXFileReference; lastKnownFileType = sourcecode.swift; path = SklZamiennik_M.swift; sourceTree = "<group>"; };
/* End PBXFileReference section */

/* Begin PBXFrameworksBuildPhase section */
		F324A3062DB19E0C00B21F83 /* Frameworks */ = {
			isa = PBXFrameworksBuildPhase;
			buildActionMask = 2147483647;
			files = (
			);
			runOnlyForDeploymentPostprocessing = 0;
		};
/* End PBXFrameworksBuildPhase section */

/* Begin PBXGroup section */
		F3095A442DB3C1E000481E4F /* Drink */ = {
			isa = PBXGroup;
			children = (
				F36F1E8C2DB7D7A0000775D6 /* DrinkMock.swift */,
				F3095A412DB3C1E000481E4F /* Dr_M.swift */,
				F3095A422DB3C1E000481E4F /* DrPrzepis_M.swift */,
				F3095A432DB3C1E000481E4F /* DrSkladnik_M.swift */,
			);
			path = Drink;
			sourceTree = "<group>";
		};
		F3095A472DB3C1E000481E4F /* Model */ = {
			isa = PBXGroup;
			children = (
				F3095A442DB3C1E000481E4F /* Drink */,
				F3095A852DB3EC5200481E4F /* Skladnik */,
				F3095A8A2DB3ECB500481E4F /* SklStanModel.swift */,
				F3095A452DB3C1E000481E4F /* EnumModel.swift */,
				F3095A512DB3C1E000481E4F /* TSV */,
			);
			path = Model;
			sourceTree = "<group>";
		};
		F3095A512DB3C1E000481E4F /* TSV */ = {
			isa = PBXGroup;
			children = (
				F3095A792DB3EBEF00481E4F /* DTeka - Drinki.tsv */,
				F3095A7A2DB3EBEF00481E4F /* DTeka - DrinkiAlkGlowny.tsv */,
				F3095A7B2DB3EBEF00481E4F /* DTeka - DrinkiPrzepisy.tsv */,
				F3095A7C2DB3EBEF00481E4F /* DTeka - DrinkiSkladniki.tsv */,
				F3095A7D2DB3EBEF00481E4F /* DTeka - Skladniki.tsv */,
				F3095A7E2DB3EBEF00481E4F /* DTeka - SkladnikiZamienniki.tsv */,
			);
			path = TSV;
			sourceTree = "<group>";
		};
		F3095A532DB3C1E000481E4F /* View */ = {
			isa = PBXGroup;
			children = (
				F32ACBF52DCE6C5F00056186 /* Home */,
				F3095AA02DB670B000481E4F /* Drinki View */,
				F36F1E8E2DB7DF24000775D6 /* Skladniki View */,
				F3095A992DB66E1C00481E4F /* Wspolne View */,
			);
			path = View;
			sourceTree = "<group>";
		};
		F3095A592DB3C1E000481E4F /* LadowanieCSV */ = {
			isa = PBXGroup;
			children = (
				F3095A8E2DB52B1200481E4F /* Drink */,
				F3095A8F2DB52B2500481E4F /* Skladnik */,
			);
			path = LadowanieCSV;
			sourceTree = "<group>";
		};
		F3095A5B2DB3C1E000481E4F /* ViewModel */ = {
			isa = PBXGroup;
			children = (
				F3095A592DB3C1E000481E4F /* LadowanieCSV */,
				F3DE992C2DC8884C00957537 /* Funkcje_VM.swift */,
				F3095AA92DB6945200481E4F /* PrefClass_VM.swift */,
			);
			path = ViewModel;
			sourceTree = "<group>";
		};
		F3095A5F2DB3C1E000481E4F /* Drinkoteka */ = {
			isa = PBXGroup;
			children = (
				F3095A5C2DB3C1E000481E4F /* Assets.xcassets */,
				F3095A5D2DB3C1E000481E4F /* Drinkoteka.entitlements */,
				F3095A472DB3C1E000481E4F /* Model */,
				F3095A5B2DB3C1E000481E4F /* ViewModel */,
				F3095A532DB3C1E000481E4F /* View */,
				F3095A5E2DB3C1E000481E4F /* DrinkotekaApp.swift */,
			);
			path = Drinkoteka;
			sourceTree = "<group>";
		};
		F3095A852DB3EC5200481E4F /* Skladnik */ = {
			isa = PBXGroup;
			children = (
				F3095A862DB3EC5900481E4F /* Skl_M.swift */,
				F3EC6DAF2DC2CD8B008C03A5 /* SklZamiennik_M.swift */,
			);
			path = Skladnik;
			sourceTree = "<group>";
		};
		F3095A8E2DB52B1200481E4F /* Drink */ = {
			isa = PBXGroup;
			children = (
				F3095A552DB3C1E000481E4F /* loadDrCSV_VM.swift */,
				F3095A542DB3C1E000481E4F /* loadDrAlkGlownyCSV_VM.swift */,
				F3095A562DB3C1E000481E4F /* loadDrPrzepisyCSV_VM.swift */,
				F3095A582DB3C1E000481E4F /* loadDrSkladnikiCSV_VM.swift */,
			);
			path = Drink;
			sourceTree = "<group>";
		};
		F3095A8F2DB52B2500481E4F /* Skladnik */ = {
			isa = PBXGroup;
			children = (
				F3095A8C2DB3F8E900481E4F /* loadSklCSV_VM.swift */,
				F3095A922DB53DE900481E4F /* loadSklZamiennikiCSV_VM.swift */,
			);
			path = Skladnik;
			sourceTree = "<group>";
		};
		F3095A992DB66E1C00481E4F /* Wspolne View */ = {
			isa = PBXGroup;
			children = (
				F3095AA72DB693AA00481E4F /* IkonaJestBrak_V.swift */,
				F377B0A62DB8D47500FE8CE3 /* CustomTab_V.swift */,
				F3095AAA2DB6945200481E4F /* Preferencje_V.swift */,
				F3095A9E2DB66FF000481E4F /* ViewModifiers.swift */,
				F3095A9A2DB66E2300481E4F /* Back_V.swift */,
				F36F1E872DB7A651000775D6 /* Rejestracja */,
				F37319892DBBFC230028F97C /* SearchBar */,
				F34889CD2DD3F95800CE649D /* Launch Screen.storyboard */,
			);
			path = "Wspolne View";
			sourceTree = "<group>";
		};
		F3095AA02DB670B000481E4F /* Drinki View */ = {
			isa = PBXGroup;
			children = (
				F36F1E7F2DB77A29000775D6 /* DrinkiLista_V.swift */,
				F377B0A22DB8C40C00FE8CE3 /* DrinkFiltry_V.swift */,
				F36F1E812DB77A29000775D6 /* Drink_V.swift */,
				F3BEA8742DB807F1001E6801 /* DrinkTitle_V.swift */,
				F3BEA8762DB80F91001E6801 /* DrinkDane_V.swift */,
				F3BEA8792DB81435001E6801 /* DrinkSkala_V.swift */,
				F3BEA8782DB81435001E6801 /* DrinkFoto_V.swift */,
				F3BEA87C2DB81CEC001E6801 /* DrinkNotatka_V.swift */,
				F3BEA87E2DB820AB001E6801 /* DrinkWWW_V.swift */,
				F3095AA32DB68EA900481E4F /* DrinkSkladniki_V.swift */,
				F3095AA42DB68EA900481E4F /* DrinkSkladnikLinijka_V.swift */,
				F3095AA12DB670B700481E4F /* DrinkPrzepisE_V.swift */,
				F327D6D42DC368980080F897 /* DrinkPrzepis_V.swift */,
				F3BEA8802DB82A9B001E6801 /* DrinkBack_V.swift */,
			);
			path = "Drinki View";
			sourceTree = "<group>";
		};
		F324A3002DB19E0C00B21F83 = {
			isa = PBXGroup;
			children = (
				F3095A5F2DB3C1E000481E4F /* Drinkoteka */,
				F324A30A2DB19E0C00B21F83 /* Products */,
			);
			sourceTree = "<group>";
		};
		F324A30A2DB19E0C00B21F83 /* Products */ = {
			isa = PBXGroup;
			children = (
				F324A3092DB19E0C00B21F83 /* Drinkoteka.app */,
			);
			name = Products;
			sourceTree = "<group>";
		};
		F32ACBF52DCE6C5F00056186 /* Home */ = {
			isa = PBXGroup;
			children = (
				F32ACBF62DCE6CCD00056186 /* Home_V.swift */,
			);
			path = Home;
			sourceTree = "<group>";
		};
		F36F1E872DB7A651000775D6 /* Rejestracja */ = {
			isa = PBXGroup;
			children = (
				F36F1E832DB78BC2000775D6 /* Logowanie_V.swift */,
				F36F1E852DB78E4E000775D6 /* Rejestracja_v.swift */,
				F36F1E882DB7A66A000775D6 /* Profil_V.swift */,
			);
			path = Rejestracja;
			sourceTree = "<group>";
		};
		F36F1E8E2DB7DF24000775D6 /* Skladniki View */ = {
			isa = PBXGroup;
			children = (
				F34D9EA82DBC250400D484DC /* SkladnikiLista_V.swift */,
				F36F1E992DB7E4A3000775D6 /* Skladnik_V.swift */,
				F377B09D2DB8BBBE00FE8CE3 /* SkladnikTitle_V.swift */,
				F36F1E972DB7E3E8000775D6 /* SkladnikFoto_V.swift */,
				F36F1E952DB7E356000775D6 /* SkladnikStan_V.swift */,
				F36F1E932DB7E21E000775D6 /* SkladnikZamiennikiAll_V.swift */,
				F36F1E912DB7E085000775D6 /* SkladnikZamiennikLinia_V.swift */,
				F36F1E8F2DB7DF32000775D6 /* SkladnikOpis_V.swift */,
				F377B09F2DB8BE6000FE8CE3 /* SkladnikWWW_V.swift */,
				F3C25B8F2DC17A920038FD84 /* SkladnikWDrinkach_V.swift */,
				F33256132DC0AE7C00C4055A /* SkladnikiBack_V.swift */,
			);
			path = "Skladniki View";
			sourceTree = "<group>";
		};
		F37319892DBBFC230028F97C /* SearchBar */ = {
			isa = PBXGroup;
			children = (
				F377B0A72DB8D47500FE8CE3 /* UIApplication.swift */,
				F37319862DBBF60C0028F97C /* SearchBar_V.swift */,
			);
			path = SearchBar;
			sourceTree = "<group>";
		};
/* End PBXGroup section */

/* Begin PBXNativeTarget section */
		F324A3082DB19E0C00B21F83 /* Drinkoteka */ = {
			isa = PBXNativeTarget;
			buildConfigurationList = F324A3172DB19E0F00B21F83 /* Build configuration list for PBXNativeTarget "Drinkoteka" */;
			buildPhases = (
				F324A3052DB19E0C00B21F83 /* Sources */,
				F324A3062DB19E0C00B21F83 /* Frameworks */,
				F324A3072DB19E0C00B21F83 /* Resources */,
			);
			buildRules = (
			);
			dependencies = (
			);
			name = Drinkoteka;
			packageProductDependencies = (
			);
			productName = Drinkoteka;
			productReference = F324A3092DB19E0C00B21F83 /* Drinkoteka.app */;
			productType = "com.apple.product-type.application";
		};
/* End PBXNativeTarget section */

/* Begin PBXProject section */
		F324A3012DB19E0C00B21F83 /* Project object */ = {
			isa = PBXProject;
			attributes = {
				BuildIndependentTargetsInParallel = 1;
				LastSwiftUpdateCheck = 1630;
				LastUpgradeCheck = 1630;
				TargetAttributes = {
					F324A3082DB19E0C00B21F83 = {
						CreatedOnToolsVersion = 16.3;
					};
				};
			};
			buildConfigurationList = F324A3042DB19E0C00B21F83 /* Build configuration list for PBXProject "Drinkoteka" */;
			developmentRegion = en;
			hasScannedForEncodings = 0;
			knownRegions = (
				en,
				Base,
			);
			mainGroup = F324A3002DB19E0C00B21F83;
			minimizedProjectReferenceProxies = 1;
			preferredProjectObjectVersion = 77;
			productRefGroup = F324A30A2DB19E0C00B21F83 /* Products */;
			projectDirPath = "";
			projectRoot = "";
			targets = (
				F324A3082DB19E0C00B21F83 /* Drinkoteka */,
			);
		};
/* End PBXProject section */

/* Begin PBXResourcesBuildPhase section */
		F324A3072DB19E0C00B21F83 /* Resources */ = {
			isa = PBXResourcesBuildPhase;
			buildActionMask = 2147483647;
			files = (
				F3095A762DB3C1E000481E4F /* Assets.xcassets in Resources */,
				F3095A7F2DB3EBEF00481E4F /* DTeka - SkladnikiZamienniki.tsv in Resources */,
				F34889CE2DD3F95800CE649D /* Launch Screen.storyboard in Resources */,
				F3095A802DB3EBEF00481E4F /* DTeka - Drinki.tsv in Resources */,
				F3095A812DB3EBEF00481E4F /* DTeka - Skladniki.tsv in Resources */,
				F3095A822DB3EBEF00481E4F /* DTeka - DrinkiAlkGlowny.tsv in Resources */,
				F3095A832DB3EBEF00481E4F /* DTeka - DrinkiSkladniki.tsv in Resources */,
				F3095A842DB3EBEF00481E4F /* DTeka - DrinkiPrzepisy.tsv in Resources */,
			);
			runOnlyForDeploymentPostprocessing = 0;
		};
/* End PBXResourcesBuildPhase section */

/* Begin PBXSourcesBuildPhase section */
		F324A3052DB19E0C00B21F83 /* Sources */ = {
			isa = PBXSourcesBuildPhase;
			buildActionMask = 2147483647;
			files = (
				F37319882DBBF9270028F97C /* UIApplication.swift in Sources */,
				F3BEA8712DB7FF91001E6801 /* DrinkSkladniki_V.swift in Sources */,
				F3095A602DB3C1E000481E4F /* Dr_M.swift in Sources */,
				F3095A942DB543F300481E4F /* loadSklZamiennikiCSV_VM.swift in Sources */,
				F36F1E922DB7E085000775D6 /* SkladnikZamiennikLinia_V.swift in Sources */,
				F3DE992D2DC8884C00957537 /* Funkcje_VM.swift in Sources */,
				F3095A612DB3C1E000481E4F /* DrPrzepis_M.swift in Sources */,
				F3095A622DB3C1E000481E4F /* DrSkladnik_M.swift in Sources */,
				F327D6D52DC368980080F897 /* DrinkPrzepis_V.swift in Sources */,
				F377B0A12DB8C17F00FE8CE3 /* SkladnikWWW_V.swift in Sources */,
				F3EC6DB02DC2CD8B008C03A5 /* SklZamiennik_M.swift in Sources */,
				F36F1E982DB7E3E8000775D6 /* SkladnikFoto_V.swift in Sources */,
				F3BEA87F2DB820AB001E6801 /* DrinkWWW_V.swift in Sources */,
				F3BEA8812DB82A9B001E6801 /* DrinkBack_V.swift in Sources */,
				F3095A632DB3C1E000481E4F /* EnumModel.swift in Sources */,
				F3095A8D2DB3F8E900481E4F /* loadSklCSV_VM.swift in Sources */,
				F3095A9F2DB66FF000481E4F /* ViewModifiers.swift in Sources */,
				F32ACBF72DCE6CCD00056186 /* Home_V.swift in Sources */,
				F36F1E892DB7A66A000775D6 /* Profil_V.swift in Sources */,
				F377B09E2DB8BBBE00FE8CE3 /* SkladnikTitle_V.swift in Sources */,
				F36F1E902DB7DF32000775D6 /* SkladnikOpis_V.swift in Sources */,
				F36F1E9A2DB7E4A3000775D6 /* Skladnik_V.swift in Sources */,
				F3BEA8732DB8067C001E6801 /* Drink_V.swift in Sources */,
				F3095A662DB3C1E000481E4F /* loadDrAlkGlownyCSV_VM.swift in Sources */,
				F36F1E8B2DB7BAFE000775D6 /* DrinkSkladnikLinijka_V.swift in Sources */,
				F3BEA87D2DB81CEC001E6801 /* DrinkNotatka_V.swift in Sources */,
				F3095A672DB3C1E000481E4F /* loadDrCSV_VM.swift in Sources */,
				F36F1E942DB7E21E000775D6 /* SkladnikZamiennikiAll_V.swift in Sources */,
				F3095A682DB3C1E000481E4F /* loadDrPrzepisyCSV_VM.swift in Sources */,
				F3095AA82DB693AA00481E4F /* IkonaJestBrak_V.swift in Sources */,
				F3BEA87A2DB81435001E6801 /* DrinkFoto_V.swift in Sources */,
				F3BEA87B2DB81435001E6801 /* DrinkSkala_V.swift in Sources */,
				F3C25B902DC17A920038FD84 /* SkladnikWDrinkach_V.swift in Sources */,
				F396F69F2DBA5D860030A329 /* DrinkiLista_V.swift in Sources */,
				F33256142DC0AE7C00C4055A /* SkladnikiBack_V.swift in Sources */,
				F3095A6A2DB3C1E000481E4F /* loadDrSkladnikiCSV_VM.swift in Sources */,
				F396F69E2DBA42040030A329 /* DrinkMock.swift in Sources */,
				F377B0AC2DB8D88D00FE8CE3 /* CustomTab_V.swift in Sources */,
				F36F1E8A2DB7AB8A000775D6 /* Preferencje_V.swift in Sources */,
				F37319872DBBF60C0028F97C /* SearchBar_V.swift in Sources */,
				F3095A872DB3EC5900481E4F /* Skl_M.swift in Sources */,
				F36F1E822DB783E6000775D6 /* PrefClass_VM.swift in Sources */,
				F36F1E842DB78BC2000775D6 /* Logowanie_V.swift in Sources */,
				F3095A8B2DB3ECB500481E4F /* SklStanModel.swift in Sources */,
				F36F1E962DB7E356000775D6 /* SkladnikStan_V.swift in Sources */,
				F3BEA8772DB80F91001E6801 /* DrinkDane_V.swift in Sources */,
				F36F1E862DB78E4E000775D6 /* Rejestracja_v.swift in Sources */,
				F3095A9B2DB66E2300481E4F /* Back_V.swift in Sources */,
				F34D9EAC2DBC2BE000D484DC /* SkladnikiLista_V.swift in Sources */,
				F3095A6C2DB3C1E000481E4F /* DrinkotekaApp.swift in Sources */,
				F377B0A32DB8C40C00FE8CE3 /* DrinkFiltry_V.swift in Sources */,
				F3BEA8752DB807F1001E6801 /* DrinkTitle_V.swift in Sources */,
			);
			runOnlyForDeploymentPostprocessing = 0;
		};
/* End PBXSourcesBuildPhase section */

/* Begin XCBuildConfiguration section */
		F324A3152DB19E0F00B21F83 /* Debug */ = {
			isa = XCBuildConfiguration;
			buildSettings = {
				ALWAYS_SEARCH_USER_PATHS = NO;
				ASSETCATALOG_COMPILER_GENERATE_SWIFT_ASSET_SYMBOL_EXTENSIONS = YES;
				CLANG_ANALYZER_NONNULL = YES;
				CLANG_ANALYZER_NUMBER_OBJECT_CONVERSION = YES_AGGRESSIVE;
				CLANG_CXX_LANGUAGE_STANDARD = "gnu++20";
				CLANG_ENABLE_MODULES = YES;
				CLANG_ENABLE_OBJC_ARC = YES;
				CLANG_ENABLE_OBJC_WEAK = YES;
				CLANG_WARN_BLOCK_CAPTURE_AUTORELEASING = YES;
				CLANG_WARN_BOOL_CONVERSION = YES;
				CLANG_WARN_COMMA = YES;
				CLANG_WARN_CONSTANT_CONVERSION = YES;
				CLANG_WARN_DEPRECATED_OBJC_IMPLEMENTATIONS = YES;
				CLANG_WARN_DIRECT_OBJC_ISA_USAGE = YES_ERROR;
				CLANG_WARN_DOCUMENTATION_COMMENTS = YES;
				CLANG_WARN_EMPTY_BODY = YES;
				CLANG_WARN_ENUM_CONVERSION = YES;
				CLANG_WARN_INFINITE_RECURSION = YES;
				CLANG_WARN_INT_CONVERSION = YES;
				CLANG_WARN_NON_LITERAL_NULL_CONVERSION = YES;
				CLANG_WARN_OBJC_IMPLICIT_RETAIN_SELF = YES;
				CLANG_WARN_OBJC_LITERAL_CONVERSION = YES;
				CLANG_WARN_OBJC_ROOT_CLASS = YES_ERROR;
				CLANG_WARN_QUOTED_INCLUDE_IN_FRAMEWORK_HEADER = YES;
				CLANG_WARN_RANGE_LOOP_ANALYSIS = YES;
				CLANG_WARN_STRICT_PROTOTYPES = YES;
				CLANG_WARN_SUSPICIOUS_MOVE = YES;
				CLANG_WARN_UNGUARDED_AVAILABILITY = YES_AGGRESSIVE;
				CLANG_WARN_UNREACHABLE_CODE = YES;
				CLANG_WARN__DUPLICATE_METHOD_MATCH = YES;
				COPY_PHASE_STRIP = NO;
				DEBUG_INFORMATION_FORMAT = dwarf;
				DEVELOPMENT_TEAM = 86K9YKET34;
				ENABLE_STRICT_OBJC_MSGSEND = YES;
				ENABLE_TESTABILITY = YES;
				ENABLE_USER_SCRIPT_SANDBOXING = YES;
				GCC_C_LANGUAGE_STANDARD = gnu17;
				GCC_DYNAMIC_NO_PIC = NO;
				GCC_NO_COMMON_BLOCKS = YES;
				GCC_OPTIMIZATION_LEVEL = 0;
				GCC_PREPROCESSOR_DEFINITIONS = (
					"DEBUG=1",
					"$(inherited)",
				);
				GCC_WARN_64_TO_32_BIT_CONVERSION = YES;
				GCC_WARN_ABOUT_RETURN_TYPE = YES_ERROR;
				GCC_WARN_UNDECLARED_SELECTOR = YES;
				GCC_WARN_UNINITIALIZED_AUTOS = YES_AGGRESSIVE;
				GCC_WARN_UNUSED_FUNCTION = YES;
				GCC_WARN_UNUSED_VARIABLE = YES;
				LOCALIZATION_PREFERS_STRING_CATALOGS = YES;
				MTL_ENABLE_DEBUG_INFO = INCLUDE_SOURCE;
				MTL_FAST_MATH = YES;
				ONLY_ACTIVE_ARCH = YES;
				SWIFT_ACTIVE_COMPILATION_CONDITIONS = "DEBUG $(inherited)";
				SWIFT_OPTIMIZATION_LEVEL = "-Onone";
			};
			name = Debug;
		};
		F324A3162DB19E0F00B21F83 /* Release */ = {
			isa = XCBuildConfiguration;
			buildSettings = {
				ALWAYS_SEARCH_USER_PATHS = NO;
				ASSETCATALOG_COMPILER_GENERATE_SWIFT_ASSET_SYMBOL_EXTENSIONS = YES;
				CLANG_ANALYZER_NONNULL = YES;
				CLANG_ANALYZER_NUMBER_OBJECT_CONVERSION = YES_AGGRESSIVE;
				CLANG_CXX_LANGUAGE_STANDARD = "gnu++20";
				CLANG_ENABLE_MODULES = YES;
				CLANG_ENABLE_OBJC_ARC = YES;
				CLANG_ENABLE_OBJC_WEAK = YES;
				CLANG_WARN_BLOCK_CAPTURE_AUTORELEASING = YES;
				CLANG_WARN_BOOL_CONVERSION = YES;
				CLANG_WARN_COMMA = YES;
				CLANG_WARN_CONSTANT_CONVERSION = YES;
				CLANG_WARN_DEPRECATED_OBJC_IMPLEMENTATIONS = YES;
				CLANG_WARN_DIRECT_OBJC_ISA_USAGE = YES_ERROR;
				CLANG_WARN_DOCUMENTATION_COMMENTS = YES;
				CLANG_WARN_EMPTY_BODY = YES;
				CLANG_WARN_ENUM_CONVERSION = YES;
				CLANG_WARN_INFINITE_RECURSION = YES;
				CLANG_WARN_INT_CONVERSION = YES;
				CLANG_WARN_NON_LITERAL_NULL_CONVERSION = YES;
				CLANG_WARN_OBJC_IMPLICIT_RETAIN_SELF = YES;
				CLANG_WARN_OBJC_LITERAL_CONVERSION = YES;
				CLANG_WARN_OBJC_ROOT_CLASS = YES_ERROR;
				CLANG_WARN_QUOTED_INCLUDE_IN_FRAMEWORK_HEADER = YES;
				CLANG_WARN_RANGE_LOOP_ANALYSIS = YES;
				CLANG_WARN_STRICT_PROTOTYPES = YES;
				CLANG_WARN_SUSPICIOUS_MOVE = YES;
				CLANG_WARN_UNGUARDED_AVAILABILITY = YES_AGGRESSIVE;
				CLANG_WARN_UNREACHABLE_CODE = YES;
				CLANG_WARN__DUPLICATE_METHOD_MATCH = YES;
				COPY_PHASE_STRIP = NO;
				DEBUG_INFORMATION_FORMAT = "dwarf-with-dsym";
				DEVELOPMENT_TEAM = 86K9YKET34;
				ENABLE_NS_ASSERTIONS = NO;
				ENABLE_STRICT_OBJC_MSGSEND = YES;
				ENABLE_USER_SCRIPT_SANDBOXING = YES;
				GCC_C_LANGUAGE_STANDARD = gnu17;
				GCC_NO_COMMON_BLOCKS = YES;
				GCC_WARN_64_TO_32_BIT_CONVERSION = YES;
				GCC_WARN_ABOUT_RETURN_TYPE = YES_ERROR;
				GCC_WARN_UNDECLARED_SELECTOR = YES;
				GCC_WARN_UNINITIALIZED_AUTOS = YES_AGGRESSIVE;
				GCC_WARN_UNUSED_FUNCTION = YES;
				GCC_WARN_UNUSED_VARIABLE = YES;
				LOCALIZATION_PREFERS_STRING_CATALOGS = YES;
				MTL_ENABLE_DEBUG_INFO = NO;
				MTL_FAST_MATH = YES;
				SWIFT_COMPILATION_MODE = wholemodule;
			};
			name = Release;
		};
		F324A3182DB19E0F00B21F83 /* Debug */ = {
			isa = XCBuildConfiguration;
			buildSettings = {
				ASSETCATALOG_COMPILER_APPICON_NAME = AppIcon;
				ASSETCATALOG_COMPILER_GLOBAL_ACCENT_COLOR_NAME = AccentColor;
				CODE_SIGN_ENTITLEMENTS = Drinkoteka/Drinkoteka.entitlements;
				CODE_SIGN_STYLE = Automatic;
				CURRENT_PROJECT_VERSION = 1;
				DEVELOPMENT_TEAM = 86K9YKET34;
				ENABLE_HARDENED_RUNTIME = YES;
				ENABLE_PREVIEWS = YES;
				GENERATE_INFOPLIST_FILE = YES;
				INFOPLIST_KEY_CFBundleDisplayName = Drinkoteka;
				INFOPLIST_KEY_LSApplicationCategoryType = "public.app-category.food-and-drink";
				"INFOPLIST_KEY_UIApplicationSceneManifest_Generation[sdk=iphoneos*]" = YES;
				"INFOPLIST_KEY_UIApplicationSceneManifest_Generation[sdk=iphonesimulator*]" = YES;
				"INFOPLIST_KEY_UIApplicationSupportsIndirectInputEvents[sdk=iphoneos*]" = YES;
				"INFOPLIST_KEY_UIApplicationSupportsIndirectInputEvents[sdk=iphonesimulator*]" = YES;
				"INFOPLIST_KEY_UILaunchScreen_Generation[sdk=iphoneos*]" = YES;
				"INFOPLIST_KEY_UILaunchScreen_Generation[sdk=iphonesimulator*]" = YES;
				INFOPLIST_KEY_UILaunchStoryboardName = "Launch Screen.storyboard";
				"INFOPLIST_KEY_UIStatusBarStyle[sdk=iphoneos*]" = UIStatusBarStyleDefault;
				"INFOPLIST_KEY_UIStatusBarStyle[sdk=iphonesimulator*]" = UIStatusBarStyleDefault;
				INFOPLIST_KEY_UISupportedInterfaceOrientations_iPad = "UIInterfaceOrientationPortrait UIInterfaceOrientationPortraitUpsideDown UIInterfaceOrientationLandscapeLeft UIInterfaceOrientationLandscapeRight";
				INFOPLIST_KEY_UISupportedInterfaceOrientations_iPhone = "UIInterfaceOrientationPortrait UIInterfaceOrientationLandscapeLeft UIInterfaceOrientationLandscapeRight";
				IPHONEOS_DEPLOYMENT_TARGET = 18.4;
				LD_RUNPATH_SEARCH_PATHS = "@executable_path/Frameworks";
				"LD_RUNPATH_SEARCH_PATHS[sdk=macosx*]" = "@executable_path/../Frameworks";
				MACOSX_DEPLOYMENT_TARGET = 15.0;
				MARKETING_VERSION = 1.0;
				PRODUCT_BUNDLE_IDENTIFIER = film.post.Drinkoteka;
				PRODUCT_NAME = "$(TARGET_NAME)";
				REGISTER_APP_GROUPS = YES;
				SDKROOT = auto;
				SUPPORTED_PLATFORMS = "iphoneos iphonesimulator macosx";
				SUPPORTS_MACCATALYST = NO;
				SWIFT_EMIT_LOC_STRINGS = YES;
				SWIFT_VERSION = 5.0;
				TARGETED_DEVICE_FAMILY = "1,2";
				XROS_DEPLOYMENT_TARGET = 2.4;
			};
			name = Debug;
		};
		F324A3192DB19E0F00B21F83 /* Release */ = {
			isa = XCBuildConfiguration;
			buildSettings = {
				ASSETCATALOG_COMPILER_APPICON_NAME = AppIcon;
				ASSETCATALOG_COMPILER_GLOBAL_ACCENT_COLOR_NAME = AccentColor;
				CODE_SIGN_ENTITLEMENTS = Drinkoteka/Drinkoteka.entitlements;
				CODE_SIGN_STYLE = Automatic;
				CURRENT_PROJECT_VERSION = 1;
				DEVELOPMENT_TEAM = 86K9YKET34;
				ENABLE_HARDENED_RUNTIME = YES;
				ENABLE_PREVIEWS = YES;
				GENERATE_INFOPLIST_FILE = YES;
				INFOPLIST_KEY_CFBundleDisplayName = Drinkoteka;
				INFOPLIST_KEY_LSApplicationCategoryType = "public.app-category.food-and-drink";
				"INFOPLIST_KEY_UIApplicationSceneManifest_Generation[sdk=iphoneos*]" = YES;
				"INFOPLIST_KEY_UIApplicationSceneManifest_Generation[sdk=iphonesimulator*]" = YES;
				"INFOPLIST_KEY_UIApplicationSupportsIndirectInputEvents[sdk=iphoneos*]" = YES;
				"INFOPLIST_KEY_UIApplicationSupportsIndirectInputEvents[sdk=iphonesimulator*]" = YES;
				"INFOPLIST_KEY_UILaunchScreen_Generation[sdk=iphoneos*]" = YES;
				"INFOPLIST_KEY_UILaunchScreen_Generation[sdk=iphonesimulator*]" = YES;
				INFOPLIST_KEY_UILaunchStoryboardName = "Launch Screen.storyboard";
				"INFOPLIST_KEY_UIStatusBarStyle[sdk=iphoneos*]" = UIStatusBarStyleDefault;
				"INFOPLIST_KEY_UIStatusBarStyle[sdk=iphonesimulator*]" = UIStatusBarStyleDefault;
				INFOPLIST_KEY_UISupportedInterfaceOrientations_iPad = "UIInterfaceOrientationPortrait UIInterfaceOrientationPortraitUpsideDown UIInterfaceOrientationLandscapeLeft UIInterfaceOrientationLandscapeRight";
				INFOPLIST_KEY_UISupportedInterfaceOrientations_iPhone = "UIInterfaceOrientationPortrait UIInterfaceOrientationLandscapeLeft UIInterfaceOrientationLandscapeRight";
				IPHONEOS_DEPLOYMENT_TARGET = 18.4;
				LD_RUNPATH_SEARCH_PATHS = "@executable_path/Frameworks";
				"LD_RUNPATH_SEARCH_PATHS[sdk=macosx*]" = "@executable_path/../Frameworks";
				MACOSX_DEPLOYMENT_TARGET = 15.0;
				MARKETING_VERSION = 1.0;
				PRODUCT_BUNDLE_IDENTIFIER = film.post.Drinkoteka;
				PRODUCT_NAME = "$(TARGET_NAME)";
				REGISTER_APP_GROUPS = YES;
				SDKROOT = auto;
				SUPPORTED_PLATFORMS = "iphoneos iphonesimulator macosx";
				SUPPORTS_MACCATALYST = NO;
				SWIFT_EMIT_LOC_STRINGS = YES;
				SWIFT_VERSION = 5.0;
				TARGETED_DEVICE_FAMILY = "1,2";
				XROS_DEPLOYMENT_TARGET = 2.4;
			};
			name = Release;
		};
/* End XCBuildConfiguration section */

/* Begin XCConfigurationList section */
		F324A3042DB19E0C00B21F83 /* Build configuration list for PBXProject "Drinkoteka" */ = {
			isa = XCConfigurationList;
			buildConfigurations = (
				F324A3152DB19E0F00B21F83 /* Debug */,
				F324A3162DB19E0F00B21F83 /* Release */,
			);
			defaultConfigurationIsVisible = 0;
			defaultConfigurationName = Release;
		};
		F324A3172DB19E0F00B21F83 /* Build configuration list for PBXNativeTarget "Drinkoteka" */ = {
			isa = XCConfigurationList;
			buildConfigurations = (
				F324A3182DB19E0F00B21F83 /* Debug */,
				F324A3192DB19E0F00B21F83 /* Release */,
			);
			defaultConfigurationIsVisible = 0;
			defaultConfigurationName = Release;
		};
/* End XCConfigurationList section */
	};
	rootObject = F324A3012DB19E0C00B21F83 /* Project object */;
}
